// !$*UTF8*$!
{
	archiveVersion = 1;
	classes = {
	};
	objectVersion = 51;
	objects = {

/* Begin PBXBuildFile section */
		0D97CA5BF9AAF41AFFF14CA1 /* Pods_HelloFishhook.framework in Frameworks */ = {isa = PBXBuildFile; fileRef = 1F5486AAF3EA72FCFA5553D9 /* Pods_HelloFishhook.framework */; };
		4FE1909D2346196100D72D14 /* AppDelegate.m in Sources */ = {isa = PBXBuildFile; fileRef = 4FE1909C2346196100D72D14 /* AppDelegate.m */; };
		4FE190A52346196400D72D14 /* Assets.xcassets in Resources */ = {isa = PBXBuildFile; fileRef = 4FE190A42346196400D72D14 /* Assets.xcassets */; };
		4FE190A82346196400D72D14 /* LaunchScreen.storyboard in Resources */ = {isa = PBXBuildFile; fileRef = 4FE190A62346196400D72D14 /* LaunchScreen.storyboard */; };
		4FE190AB2346196400D72D14 /* main.m in Sources */ = {isa = PBXBuildFile; fileRef = 4FE190AA2346196400D72D14 /* main.m */; };
		4FEE33AB2346EE1800EA41AA /* RootViewController.m in Sources */ = {isa = PBXBuildFile; fileRef = 4FEE33A62346EE1800EA41AA /* RootViewController.m */; };
/* End PBXBuildFile section */

/* Begin PBXFileReference section */
		1F5486AAF3EA72FCFA5553D9 /* Pods_HelloFishhook.framework */ = {isa = PBXFileReference; explicitFileType = wrapper.framework; includeInIndex = 0; path = Pods_HelloFishhook.framework; sourceTree = BUILT_PRODUCTS_DIR; };
		4FE190982346196100D72D14 /* HelloFishhook.app */ = {isa = PBXFileReference; explicitFileType = wrapper.application; includeInIndex = 0; path = HelloFishhook.app; sourceTree = BUILT_PRODUCTS_DIR; };
		4FE1909B2346196100D72D14 /* AppDelegate.h */ = {isa = PBXFileReference; lastKnownFileType = sourcecode.c.h; path = AppDelegate.h; sourceTree = "<group>"; };
		4FE1909C2346196100D72D14 /* AppDelegate.m */ = {isa = PBXFileReference; lastKnownFileType = sourcecode.c.objc; path = AppDelegate.m; sourceTree = "<group>"; };
		4FE190A42346196400D72D14 /* Assets.xcassets */ = {isa = PBXFileReference; lastKnownFileType = folder.assetcatalog; path = Assets.xcassets; sourceTree = "<group>"; };
		4FE190A72346196400D72D14 /* Base */ = {isa = PBXFileReference; lastKnownFileType = file.storyboard; name = Base; path = Base.lproj/LaunchScreen.storyboard; sourceTree = "<group>"; };
		4FE190A92346196400D72D14 /* Info.plist */ = {isa = PBXFileReference; lastKnownFileType = text.plist.xml; path = Info.plist; sourceTree = "<group>"; };
		4FE190AA2346196400D72D14 /* main.m */ = {isa = PBXFileReference; lastKnownFileType = sourcecode.c.objc; path = main.m; sourceTree = "<group>"; };
		4FEE33A62346EE1800EA41AA /* RootViewController.m */ = {isa = PBXFileReference; fileEncoding = 4; lastKnownFileType = sourcecode.c.objc; path = RootViewController.m; sourceTree = "<group>"; };
		4FEE33AA2346EE1800EA41AA /* RootViewController.h */ = {isa = PBXFileReference; fileEncoding = 4; lastKnownFileType = sourcecode.c.h; path = RootViewController.h; sourceTree = "<group>"; };
		91990D0C656BA5544B2B9EEA /* Pods-HelloFishhook.release.xcconfig */ = {isa = PBXFileReference; includeInIndex = 1; lastKnownFileType = text.xcconfig; name = "Pods-HelloFishhook.release.xcconfig"; path = "Target Support Files/Pods-HelloFishhook/Pods-HelloFishhook.release.xcconfig"; sourceTree = "<group>"; };
		CCE942FEA3E743E89C5C056C /* Pods-HelloFishhook.debug.xcconfig */ = {isa = PBXFileReference; includeInIndex = 1; lastKnownFileType = text.xcconfig; name = "Pods-HelloFishhook.debug.xcconfig"; path = "Target Support Files/Pods-HelloFishhook/Pods-HelloFishhook.debug.xcconfig"; sourceTree = "<group>"; };
/* End PBXFileReference section */

/* Begin PBXFrameworksBuildPhase section */
		4FE190952346196100D72D14 /* Frameworks */ = {
			isa = PBXFrameworksBuildPhase;
			buildActionMask = 2147483647;
			files = (
				0D97CA5BF9AAF41AFFF14CA1 /* Pods_HelloFishhook.framework in Frameworks */,
			);
			runOnlyForDeploymentPostprocessing = 0;
		};
/* End PBXFrameworksBuildPhase section */

/* Begin PBXGroup section */
		4FE1908F2346196000D72D14 = {
			isa = PBXGroup;
			children = (
				4FE1909A2346196100D72D14 /* HelloFishhook */,
				4FE190992346196100D72D14 /* Products */,
				9D66AAF05FBB197A88CED661 /* Pods */,
				E86316A5FFCBD9747908491A /* Frameworks */,
			);
			sourceTree = "<group>";
		};
		4FE190992346196100D72D14 /* Products */ = {
			isa = PBXGroup;
			children = (
				4FE190982346196100D72D14 /* HelloFishhook.app */,
			);
			name = Products;
			sourceTree = "<group>";
		};
		4FE1909A2346196100D72D14 /* HelloFishhook */ = {
			isa = PBXGroup;
			children = (
				4FEE33A72346EE1800EA41AA /* AppTestDemos */,
				4FE1909B2346196100D72D14 /* AppDelegate.h */,
				4FE1909C2346196100D72D14 /* AppDelegate.m */,
				4FEE33AA2346EE1800EA41AA /* RootViewController.h */,
				4FEE33A62346EE1800EA41AA /* RootViewController.m */,
				4FE190A42346196400D72D14 /* Assets.xcassets */,
				4FE190A62346196400D72D14 /* LaunchScreen.storyboard */,
				4FE190A92346196400D72D14 /* Info.plist */,
				4FE190AA2346196400D72D14 /* main.m */,
			);
			path = HelloFishhook;
			sourceTree = "<group>";
		};
		4FEE33A72346EE1800EA41AA /* AppTestDemos */ = {
			isa = PBXGroup;
			children = (
			);
			path = AppTestDemos;
			sourceTree = "<group>";
		};
		9D66AAF05FBB197A88CED661 /* Pods */ = {
			isa = PBXGroup;
			children = (
				CCE942FEA3E743E89C5C056C /* Pods-HelloFishhook.debug.xcconfig */,
				91990D0C656BA5544B2B9EEA /* Pods-HelloFishhook.release.xcconfig */,
			);
			path = Pods;
			sourceTree = "<group>";
		};
		E86316A5FFCBD9747908491A /* Frameworks */ = {
			isa = PBXGroup;
			children = (
				1F5486AAF3EA72FCFA5553D9 /* Pods_HelloFishhook.framework */,
			);
			name = Frameworks;
			sourceTree = "<group>";
		};
/* End PBXGroup section */

/* Begin PBXNativeTarget section */
		4FE190972346196100D72D14 /* HelloFishhook */ = {
			isa = PBXNativeTarget;
			buildConfigurationList = 4FE190AE2346196400D72D14 /* Build configuration list for PBXNativeTarget "HelloFishhook" */;
			buildPhases = (
				72A40EE13DB4197B8E0EBAFC /* [CP] Check Pods Manifest.lock */,
				4FE190942346196100D72D14 /* Sources */,
				4FE190952346196100D72D14 /* Frameworks */,
				4FE190962346196100D72D14 /* Resources */,
				4B93D409C1EB3B53D30F36F5 /* [CP] Embed Pods Frameworks */,
			);
			buildRules = (
			);
			dependencies = (
			);
			name = HelloFishhook;
			productName = HelloFishhook;
			productReference = 4FE190982346196100D72D14 /* HelloFishhook.app */;
			productType = "com.apple.product-type.application";
		};
/* End PBXNativeTarget section */

/* Begin PBXProject section */
		4FE190902346196000D72D14 /* Project object */ = {
			isa = PBXProject;
			attributes = {
				LastUpgradeCheck = 1030;
				ORGANIZATIONNAME = wesley_chen;
				TargetAttributes = {
					4FE190972346196100D72D14 = {
						CreatedOnToolsVersion = 10.3;
					};
				};
			};
			buildConfigurationList = 4FE190932346196000D72D14 /* Build configuration list for PBXProject "HelloFishhook" */;
			compatibilityVersion = "Xcode 9.3";
			developmentRegion = en;
			hasScannedForEncodings = 0;
			knownRegions = (
				en,
				Base,
			);
			mainGroup = 4FE1908F2346196000D72D14;
			productRefGroup = 4FE190992346196100D72D14 /* Products */;
			projectDirPath = "";
			projectRoot = "";
			targets = (
				4FE190972346196100D72D14 /* HelloFishhook */,
			);
		};
/* End PBXProject section */

/* Begin PBXResourcesBuildPhase section */
		4FE190962346196100D72D14 /* Resources */ = {
			isa = PBXResourcesBuildPhase;
			buildActionMask = 2147483647;
			files = (
				4FE190A82346196400D72D14 /* LaunchScreen.storyboard in Resources */,
				4FE190A52346196400D72D14 /* Assets.xcassets in Resources */,
			);
			runOnlyForDeploymentPostprocessing = 0;
		};
/* End PBXResourcesBuildPhase section */

/* Begin PBXShellScriptBuildPhase section */
		4B93D409C1EB3B53D30F36F5 /* [CP] Embed Pods Frameworks */ = {
			isa = PBXShellScriptBuildPhase;
			buildActionMask = 2147483647;
			files = (
			);
			inputFileListPaths = (
				"${PODS_ROOT}/Target Support Files/Pods-HelloFishhook/Pods-HelloFishhook-frameworks-${CONFIGURATION}-input-files.xcfilelist",
			);
			name = "[CP] Embed Pods Frameworks";
			outputFileListPaths = (
				"${PODS_ROOT}/Target Support Files/Pods-HelloFishhook/Pods-HelloFishhook-frameworks-${CONFIGURATION}-output-files.xcfilelist",
			);
			runOnlyForDeploymentPostprocessing = 0;
			shellPath = /bin/sh;
			shellScript = "\"${PODS_ROOT}/Target Support Files/Pods-HelloFishhook/Pods-HelloFishhook-frameworks.sh\"\n";
			showEnvVarsInLog = 0;
		};
		72A40EE13DB4197B8E0EBAFC /* [CP] Check Pods Manifest.lock */ = {
			isa = PBXShellScriptBuildPhase;
			buildActionMask = 2147483647;
			files = (
			);
			inputFileListPaths = (
			);
			inputPaths = (
				"${PODS_PODFILE_DIR_PATH}/Podfile.lock",
				"${PODS_ROOT}/Manifest.lock",
			);
			name = "[CP] Check Pods Manifest.lock";
			outputFileListPaths = (
			);
			outputPaths = (
				"$(DERIVED_FILE_DIR)/Pods-HelloFishhook-checkManifestLockResult.txt",
			);
			runOnlyForDeploymentPostprocessing = 0;
			shellPath = /bin/sh;
			shellScript = "diff \"${PODS_PODFILE_DIR_PATH}/Podfile.lock\" \"${PODS_ROOT}/Manifest.lock\" > /dev/null\nif [ $? != 0 ] ; then\n    # print error to STDERR\n    echo \"error: The sandbox is not in sync with the Podfile.lock. Run 'pod install' or update your CocoaPods installation.\" >&2\n    exit 1\nfi\n# This output is used by Xcode 'outputs' to avoid re-running this script phase.\necho \"SUCCESS\" > \"${SCRIPT_OUTPUT_FILE_0}\"\n";
			showEnvVarsInLog = 0;
		};
/* End PBXShellScriptBuildPhase section */

/* Begin PBXSourcesBuildPhase section */
		4FE190942346196100D72D14 /* Sources */ = {
			isa = PBXSourcesBuildPhase;
			buildActionMask = 2147483647;
			files = (
				4FE190AB2346196400D72D14 /* main.m in Sources */,
				4FE1909D2346196100D72D14 /* AppDelegate.m in Sources */,
				4FEE33AB2346EE1800EA41AA /* RootViewController.m in Sources */,
			);
			runOnlyForDeploymentPostprocessing = 0;
		};
/* End PBXSourcesBuildPhase section */

/* Begin PBXVariantGroup section */
		4FE190A62346196400D72D14 /* LaunchScreen.storyboard */ = {
			isa = PBXVariantGroup;
			children = (
				4FE190A72346196400D72D14 /* Base */,
			);
			name = LaunchScreen.storyboard;
			sourceTree = "<group>";
		};
/* End PBXVariantGroup section */

/* Begin XCBuildConfiguration section */
		4FE190AC2346196400D72D14 /* Debug */ = {
			isa = XCBuildConfiguration;
			buildSettings = {
				ALWAYS_SEARCH_USER_PATHS = NO;
				CLANG_ANALYZER_NONNULL = YES;
				CLANG_ANALYZER_NUMBER_OBJECT_CONVERSION = YES_AGGRESSIVE;
				CLANG_CXX_LANGUAGE_STANDARD = "gnu++14";
				CLANG_CXX_LIBRARY = "libc++";
				CLANG_ENABLE_MODULES = YES;
				CLANG_ENABLE_OBJC_ARC = YES;
				CLANG_ENABLE_OBJC_WEAK = YES;
				CLANG_WARN_BLOCK_CAPTURE_AUTORELEASING = YES;
				CLANG_WARN_BOOL_CONVERSION = YES;
				CLANG_WARN_COMMA = YES;
				CLANG_WARN_CONSTANT_CONVERSION = YES;
				CLANG_WARN_DEPRECATED_OBJC_IMPLEMENTATIONS = YES;
				CLANG_WARN_DIRECT_OBJC_ISA_USAGE = YES_ERROR;
				CLANG_WARN_DOCUMENTATION_COMMENTS = YES;
				CLANG_WARN_EMPTY_BODY = YES;
				CLANG_WARN_ENUM_CONVERSION = YES;
				CLANG_WARN_INFINITE_RECURSION = YES;
				CLANG_WARN_INT_CONVERSION = YES;
				CLANG_WARN_NON_LITERAL_NULL_CONVERSION = YES;
				CLANG_WARN_OBJC_IMPLICIT_RETAIN_SELF = YES;
				CLANG_WARN_OBJC_LITERAL_CONVERSION = YES;
				CLANG_WARN_OBJC_ROOT_CLASS = YES_ERROR;
				CLANG_WARN_RANGE_LOOP_ANALYSIS = YES;
				CLANG_WARN_STRICT_PROTOTYPES = YES;
				CLANG_WARN_SUSPICIOUS_MOVE = YES;
				CLANG_WARN_UNGUARDED_AVAILABILITY = YES_AGGRESSIVE;
				CLANG_WARN_UNREACHABLE_CODE = YES;
				CLANG_WARN__DUPLICATE_METHOD_MATCH = YES;
				CODE_SIGN_IDENTITY = "iPhone Developer";
				COPY_PHASE_STRIP = NO;
				DEBUG_INFORMATION_FORMAT = dwarf;
				ENABLE_STRICT_OBJC_MSGSEND = YES;
				ENABLE_TESTABILITY = YES;
				GCC_C_LANGUAGE_STANDARD = gnu11;
				GCC_DYNAMIC_NO_PIC = NO;
				GCC_NO_COMMON_BLOCKS = YES;
				GCC_OPTIMIZATION_LEVEL = 0;
				GCC_PREPROCESSOR_DEFINITIONS = (
					"DEBUG=1",
					"$(inherited)",
				);
				GCC_WARN_64_TO_32_BIT_CONVERSION = YES;
				GCC_WARN_ABOUT_RETURN_TYPE = YES_ERROR;
				GCC_WARN_UNDECLARED_SELECTOR = YES;
				GCC_WARN_UNINITIALIZED_AUTOS = YES_AGGRESSIVE;
				GCC_WARN_UNUSED_FUNCTION = YES;
				GCC_WARN_UNUSED_VARIABLE = YES;
				IPHONEOS_DEPLOYMENT_TARGET = 12.4;
				MTL_ENABLE_DEBUG_INFO = INCLUDE_SOURCE;
				MTL_FAST_MATH = YES;
				ONLY_ACTIVE_ARCH = YES;
				SDKROOT = iphoneos;
			};
			name = Debug;
		};
		4FE190AD2346196400D72D14 /* Release */ = {
			isa = XCBuildConfiguration;
			buildSettings = {
				ALWAYS_SEARCH_USER_PATHS = NO;
				CLANG_ANALYZER_NONNULL = YES;
				CLANG_ANALYZER_NUMBER_OBJECT_CONVERSION = YES_AGGRESSIVE;
				CLANG_CXX_LANGUAGE_STANDARD = "gnu++14";
				CLANG_CXX_LIBRARY = "libc++";
				CLANG_ENABLE_MODULES = YES;
				CLANG_ENABLE_OBJC_ARC = YES;
				CLANG_ENABLE_OBJC_WEAK = YES;
				CLANG_WARN_BLOCK_CAPTURE_AUTORELEASING = YES;
				CLANG_WARN_BOOL_CONVERSION = YES;
				CLANG_WARN_COMMA = YES;
				CLANG_WARN_CONSTANT_CONVERSION = YES;
				CLANG_WARN_DEPRECATED_OBJC_IMPLEMENTATIONS = YES;
				CLANG_WARN_DIRECT_OBJC_ISA_USAGE = YES_ERROR;
				CLANG_WARN_DOCUMENTATION_COMMENTS = YES;
				CLANG_WARN_EMPTY_BODY = YES;
				CLANG_WARN_ENUM_CONVERSION = YES;
				CLANG_WARN_INFINITE_RECURSION = YES;
				CLANG_WARN_INT_CONVERSION = YES;
				CLANG_WARN_NON_LITERAL_NULL_CONVERSION = YES;
				CLANG_WARN_OBJC_IMPLICIT_RETAIN_SELF = YES;
				CLANG_WARN_OBJC_LITERAL_CONVERSION = YES;
				CLANG_WARN_OBJC_ROOT_CLASS = YES_ERROR;
				CLANG_WARN_RANGE_LOOP_ANALYSIS = YES;
				CLANG_WARN_STRICT_PROTOTYPES = YES;
				CLANG_WARN_SUSPICIOUS_MOVE = YES;
				CLANG_WARN_UNGUARDED_AVAILABILITY = YES_AGGRESSIVE;
				CLANG_WARN_UNREACHABLE_CODE = YES;
				CLANG_WARN__DUPLICATE_METHOD_MATCH = YES;
				CODE_SIGN_IDENTITY = "iPhone Developer";
				COPY_PHASE_STRIP = NO;
				DEBUG_INFORMATION_FORMAT = "dwarf-with-dsym";
				ENABLE_NS_ASSERTIONS = NO;
				ENABLE_STRICT_OBJC_MSGSEND = YES;
				GCC_C_LANGUAGE_STANDARD = gnu11;
				GCC_NO_COMMON_BLOCKS = YES;
				GCC_WARN_64_TO_32_BIT_CONVERSION = YES;
				GCC_WARN_ABOUT_RETURN_TYPE = YES_ERROR;
				GCC_WARN_UNDECLARED_SELECTOR = YES;
				GCC_WARN_UNINITIALIZED_AUTOS = YES_AGGRESSIVE;
				GCC_WARN_UNUSED_FUNCTION = YES;
				GCC_WARN_UNUSED_VARIABLE = YES;
				IPHONEOS_DEPLOYMENT_TARGET = 12.4;
				MTL_ENABLE_DEBUG_INFO = NO;
				MTL_FAST_MATH = YES;
				SDKROOT = iphoneos;
				VALIDATE_PRODUCT = YES;
			};
			name = Release;
		};
		4FE190AF2346196400D72D14 /* Debug */ = {
			isa = XCBuildConfiguration;
			baseConfigurationReference = CCE942FEA3E743E89C5C056C /* Pods-HelloFishhook.debug.xcconfig */;
			buildSettings = {
				ASSETCATALOG_COMPILER_APPICON_NAME = AppIcon;
				CODE_SIGN_STYLE = Automatic;
				INFOPLIST_FILE = HelloFishhook/Info.plist;
				LD_RUNPATH_SEARCH_PATHS = (
					"$(inherited)",
					"@executable_path/Frameworks",
				);
				PRODUCT_BUNDLE_IDENTIFIER = com.wc.HelloFishhook;
				PRODUCT_NAME = "$(TARGET_NAME)";
				TARGETED_DEVICE_FAMILY = "1,2";
			};
			name = Debug;
		};
		4FE190B02346196400D72D14 /* Release */ = {
			isa = XCBuildConfiguration;
			baseConfigurationReference = 91990D0C656BA5544B2B9EEA /* Pods-HelloFishhook.release.xcconfig */;
			buildSettings = {
				ASSETCATALOG_COMPILER_APPICON_NAME = AppIcon;
				CODE_SIGN_STYLE = Automatic;
				INFOPLIST_FILE = HelloFishhook/Info.plist;
				LD_RUNPATH_SEARCH_PATHS = (
					"$(inherited)",
					"@executable_path/Frameworks",
				);
				PRODUCT_BUNDLE_IDENTIFIER = com.wc.HelloFishhook;
				PRODUCT_NAME = "$(TARGET_NAME)";
				TARGETED_DEVICE_FAMILY = "1,2";
			};
			name = Release;
		};
/* End XCBuildConfiguration section */

/* Begin XCConfigurationList section */
		4FE190932346196000D72D14 /* Build configuration list for PBXProject "HelloFishhook" */ = {
			isa = XCConfigurationList;
			buildConfigurations = (
				4FE190AC2346196400D72D14 /* Debug */,
				4FE190AD2346196400D72D14 /* Release */,
			);
			defaultConfigurationIsVisible = 0;
			defaultConfigurationName = Release;
		};
		4FE190AE2346196400D72D14 /* Build configuration list for PBXNativeTarget "HelloFishhook" */ = {
			isa = XCConfigurationList;
			buildConfigurations = (
				4FE190AF2346196400D72D14 /* Debug */,
				4FE190B02346196400D72D14 /* Release */,
			);
			defaultConfigurationIsVisible = 0;
			defaultConfigurationName = Release;
		};
/* End XCConfigurationList section */
	};
	rootObject = 4FE190902346196000D72D14 /* Project object */;
}
