// !$*UTF8*$!
{
	archiveVersion = 1;
	classes = {
	};
	objectVersion = 50;
	objects = {

/* Begin PBXBuildFile section */
		4F58499521F1F0D70085B231 /* QRCode1.png in Resources */ = {isa = PBXBuildFile; fileRef = 4F58499421F1F0D70085B231 /* QRCode1.png */; };
		4F5BAD1921F0AC50008453E4 /* AppDelegate.m in Sources */ = {isa = PBXBuildFile; fileRef = 4F5BAD1821F0AC50008453E4 /* AppDelegate.m */; };
		4F5BAD2121F0AC53008453E4 /* Assets.xcassets in Resources */ = {isa = PBXBuildFile; fileRef = 4F5BAD2021F0AC53008453E4 /* Assets.xcassets */; };
		4F5BAD2421F0AC53008453E4 /* LaunchScreen.storyboard in Resources */ = {isa = PBXBuildFile; fileRef = 4F5BAD2221F0AC53008453E4 /* LaunchScreen.storyboard */; };
		4F5BAD2721F0AC53008453E4 /* main.m in Sources */ = {isa = PBXBuildFile; fileRef = 4F5BAD2621F0AC53008453E4 /* main.m */; };
		4F5BAD3321F0AC84008453E4 /* RootViewController.m in Sources */ = {isa = PBXBuildFile; fileRef = 4F5BAD3121F0AC84008453E4 /* RootViewController.m */; };
		4F5BAD3621F0ACAC008453E4 /* DecodeQRImageViewController.m in Sources */ = {isa = PBXBuildFile; fileRef = 4F5BAD3521F0ACAB008453E4 /* DecodeQRImageViewController.m */; };
		4F74C2C921FB35E000A87393 /* WCCoreImageTool.m in Sources */ = {isa = PBXBuildFile; fileRef = 4F74C2C821FB35E000A87393 /* WCCoreImageTool.m */; };
		4F9DB17E25A561EB00779312 /* chrome.png in Resources */ = {isa = PBXBuildFile; fileRef = 4F9DB17D25A561EB00779312 /* chrome.png */; };
		4F9DB19825A5A47900779312 /* UseCIFilterViewController.m in Sources */ = {isa = PBXBuildFile; fileRef = 4F9DB19725A5A47900779312 /* UseCIFilterViewController.m */; };
		4FA367A625A36BA0002A4EC2 /* CreateQRCodeImageViewController.m in Sources */ = {isa = PBXBuildFile; fileRef = 4FA367A425A36BA0002A4EC2 /* CreateQRCodeImageViewController.m */; };
		4FBB27F125A9525400E26B55 /* WCViewTool.m in Sources */ = {isa = PBXBuildFile; fileRef = 4FBB27EF25A9525400E26B55 /* WCViewTool.m */; };
/* End PBXBuildFile section */

/* Begin PBXFileReference section */
		4F58499421F1F0D70085B231 /* QRCode1.png */ = {isa = PBXFileReference; lastKnownFileType = image.png; path = QRCode1.png; sourceTree = "<group>"; };
		4F5BAD1421F0AC50008453E4 /* HelloCoreImage.app */ = {isa = PBXFileReference; explicitFileType = wrapper.application; includeInIndex = 0; path = HelloCoreImage.app; sourceTree = BUILT_PRODUCTS_DIR; };
		4F5BAD1721F0AC50008453E4 /* AppDelegate.h */ = {isa = PBXFileReference; lastKnownFileType = sourcecode.c.h; path = AppDelegate.h; sourceTree = "<group>"; };
		4F5BAD1821F0AC50008453E4 /* AppDelegate.m */ = {isa = PBXFileReference; lastKnownFileType = sourcecode.c.objc; path = AppDelegate.m; sourceTree = "<group>"; };
		4F5BAD2021F0AC53008453E4 /* Assets.xcassets */ = {isa = PBXFileReference; lastKnownFileType = folder.assetcatalog; path = Assets.xcassets; sourceTree = "<group>"; };
		4F5BAD2321F0AC53008453E4 /* Base */ = {isa = PBXFileReference; lastKnownFileType = file.storyboard; name = Base; path = Base.lproj/LaunchScreen.storyboard; sourceTree = "<group>"; };
		4F5BAD2521F0AC53008453E4 /* Info.plist */ = {isa = PBXFileReference; lastKnownFileType = text.plist.xml; path = Info.plist; sourceTree = "<group>"; };
		4F5BAD2621F0AC53008453E4 /* main.m */ = {isa = PBXFileReference; lastKnownFileType = sourcecode.c.objc; path = main.m; sourceTree = "<group>"; };
		4F5BAD3021F0AC84008453E4 /* RootViewController.h */ = {isa = PBXFileReference; fileEncoding = 4; lastKnownFileType = sourcecode.c.h; path = RootViewController.h; sourceTree = "<group>"; };
		4F5BAD3121F0AC84008453E4 /* RootViewController.m */ = {isa = PBXFileReference; fileEncoding = 4; lastKnownFileType = sourcecode.c.objc; path = RootViewController.m; sourceTree = "<group>"; };
		4F5BAD3421F0ACAB008453E4 /* DecodeQRImageViewController.h */ = {isa = PBXFileReference; lastKnownFileType = sourcecode.c.h; path = DecodeQRImageViewController.h; sourceTree = "<group>"; };
		4F5BAD3521F0ACAB008453E4 /* DecodeQRImageViewController.m */ = {isa = PBXFileReference; lastKnownFileType = sourcecode.c.objc; path = DecodeQRImageViewController.m; sourceTree = "<group>"; };
		4F74C2C721FB35E000A87393 /* WCCoreImageTool.h */ = {isa = PBXFileReference; lastKnownFileType = sourcecode.c.h; path = WCCoreImageTool.h; sourceTree = "<group>"; };
		4F74C2C821FB35E000A87393 /* WCCoreImageTool.m */ = {isa = PBXFileReference; lastKnownFileType = sourcecode.c.objc; path = WCCoreImageTool.m; sourceTree = "<group>"; };
		4F9DB17D25A561EB00779312 /* chrome.png */ = {isa = PBXFileReference; lastKnownFileType = image.png; path = chrome.png; sourceTree = "<group>"; };
		4F9DB19625A5A47900779312 /* UseCIFilterViewController.h */ = {isa = PBXFileReference; lastKnownFileType = sourcecode.c.h; path = UseCIFilterViewController.h; sourceTree = "<group>"; };
		4F9DB19725A5A47900779312 /* UseCIFilterViewController.m */ = {isa = PBXFileReference; lastKnownFileType = sourcecode.c.objc; path = UseCIFilterViewController.m; sourceTree = "<group>"; };
		4FA367A425A36BA0002A4EC2 /* CreateQRCodeImageViewController.m */ = {isa = PBXFileReference; fileEncoding = 4; lastKnownFileType = sourcecode.c.objc; path = CreateQRCodeImageViewController.m; sourceTree = "<group>"; };
		4FA367A525A36BA0002A4EC2 /* CreateQRCodeImageViewController.h */ = {isa = PBXFileReference; fileEncoding = 4; lastKnownFileType = sourcecode.c.h; path = CreateQRCodeImageViewController.h; sourceTree = "<group>"; };
		4FBB27EE25A9525400E26B55 /* WCViewTool.h */ = {isa = PBXFileReference; fileEncoding = 4; lastKnownFileType = sourcecode.c.h; path = WCViewTool.h; sourceTree = "<group>"; };
		4FBB27EF25A9525400E26B55 /* WCViewTool.m */ = {isa = PBXFileReference; fileEncoding = 4; lastKnownFileType = sourcecode.c.objc; path = WCViewTool.m; sourceTree = "<group>"; };
		4FBB27F025A9525400E26B55 /* WCMacroTool.h */ = {isa = PBXFileReference; fileEncoding = 4; lastKnownFileType = sourcecode.c.h; path = WCMacroTool.h; sourceTree = "<group>"; };
/* End PBXFileReference section */

/* Begin PBXFrameworksBuildPhase section */
		4F5BAD1121F0AC50008453E4 /* Frameworks */ = {
			isa = PBXFrameworksBuildPhase;
			buildActionMask = 2147483647;
			files = (
			);
			runOnlyForDeploymentPostprocessing = 0;
		};
/* End PBXFrameworksBuildPhase section */

/* Begin PBXGroup section */
		4F58499321F1F0D70085B231 /* Resources */ = {
			isa = PBXGroup;
			children = (
				4F9DB17D25A561EB00779312 /* chrome.png */,
				4F58499421F1F0D70085B231 /* QRCode1.png */,
			);
			path = Resources;
			sourceTree = "<group>";
		};
		4F58499621F1F4AB0085B231 /* WCCoreImageTool */ = {
			isa = PBXGroup;
			children = (
				4F74C2C721FB35E000A87393 /* WCCoreImageTool.h */,
				4F74C2C821FB35E000A87393 /* WCCoreImageTool.m */,
			);
			path = WCCoreImageTool;
			sourceTree = "<group>";
		};
		4F5BAD0B21F0AC50008453E4 = {
			isa = PBXGroup;
			children = (
				4F58499621F1F4AB0085B231 /* WCCoreImageTool */,
				4F5BAD1621F0AC50008453E4 /* HelloCoreImage */,
				4F5BAD1521F0AC50008453E4 /* Products */,
			);
			sourceTree = "<group>";
		};
		4F5BAD1521F0AC50008453E4 /* Products */ = {
			isa = PBXGroup;
			children = (
				4F5BAD1421F0AC50008453E4 /* HelloCoreImage.app */,
			);
			name = Products;
			sourceTree = "<group>";
		};
		4F5BAD1621F0AC50008453E4 /* HelloCoreImage */ = {
			isa = PBXGroup;
			children = (
				4F5BAD2D21F0AC84008453E4 /* AppTestDemos */,
				4F5BAD1721F0AC50008453E4 /* AppDelegate.h */,
				4F5BAD1821F0AC50008453E4 /* AppDelegate.m */,
				4F5BAD3021F0AC84008453E4 /* RootViewController.h */,
				4F5BAD3121F0AC84008453E4 /* RootViewController.m */,
				4F5BAD2021F0AC53008453E4 /* Assets.xcassets */,
				4F5BAD2221F0AC53008453E4 /* LaunchScreen.storyboard */,
				4F5BAD2521F0AC53008453E4 /* Info.plist */,
				4F5BAD2621F0AC53008453E4 /* main.m */,
				4F58499321F1F0D70085B231 /* Resources */,
			);
			path = HelloCoreImage;
			sourceTree = "<group>";
		};
		4F5BAD2D21F0AC84008453E4 /* AppTestDemos */ = {
			isa = PBXGroup;
			children = (
				4FBB27ED25A9521300E26B55 /* Tools */,
				4FA367AB25A3724C002A4EC2 /* Base */,
				4FA367A525A36BA0002A4EC2 /* CreateQRCodeImageViewController.h */,
				4FA367A425A36BA0002A4EC2 /* CreateQRCodeImageViewController.m */,
				4F5BAD3421F0ACAB008453E4 /* DecodeQRImageViewController.h */,
				4F5BAD3521F0ACAB008453E4 /* DecodeQRImageViewController.m */,
				4F9DB19625A5A47900779312 /* UseCIFilterViewController.h */,
				4F9DB19725A5A47900779312 /* UseCIFilterViewController.m */,
			);
			path = AppTestDemos;
			sourceTree = "<group>";
		};
		4FA367AB25A3724C002A4EC2 /* Base */ = {
			isa = PBXGroup;
			children = (
			);
			path = Base;
			sourceTree = "<group>";
		};
		4FBB27ED25A9521300E26B55 /* Tools */ = {
			isa = PBXGroup;
			children = (
				4FBB27F025A9525400E26B55 /* WCMacroTool.h */,
				4FBB27EE25A9525400E26B55 /* WCViewTool.h */,
				4FBB27EF25A9525400E26B55 /* WCViewTool.m */,
			);
			path = Tools;
			sourceTree = "<group>";
		};
/* End PBXGroup section */

/* Begin PBXNativeTarget section */
		4F5BAD1321F0AC50008453E4 /* HelloCoreImage */ = {
			isa = PBXNativeTarget;
			buildConfigurationList = 4F5BAD2A21F0AC53008453E4 /* Build configuration list for PBXNativeTarget "HelloCoreImage" */;
			buildPhases = (
				4F5BAD1021F0AC50008453E4 /* Sources */,
				4F5BAD1121F0AC50008453E4 /* Frameworks */,
				4F5BAD1221F0AC50008453E4 /* Resources */,
			);
			buildRules = (
			);
			dependencies = (
			);
			name = HelloCoreImage;
			productName = HelloCoreImage;
			productReference = 4F5BAD1421F0AC50008453E4 /* HelloCoreImage.app */;
			productType = "com.apple.product-type.application";
		};
/* End PBXNativeTarget section */

/* Begin PBXProject section */
		4F5BAD0C21F0AC50008453E4 /* Project object */ = {
			isa = PBXProject;
			attributes = {
				LastUpgradeCheck = 0940;
				ORGANIZATIONNAME = wesley_chen;
				TargetAttributes = {
					4F5BAD1321F0AC50008453E4 = {
						CreatedOnToolsVersion = 9.4.1;
					};
				};
			};
			buildConfigurationList = 4F5BAD0F21F0AC50008453E4 /* Build configuration list for PBXProject "HelloCoreImage" */;
			compatibilityVersion = "Xcode 9.3";
			developmentRegion = en;
			hasScannedForEncodings = 0;
			knownRegions = (
				en,
				Base,
			);
			mainGroup = 4F5BAD0B21F0AC50008453E4;
			productRefGroup = 4F5BAD1521F0AC50008453E4 /* Products */;
			projectDirPath = "";
			projectRoot = "";
			targets = (
				4F5BAD1321F0AC50008453E4 /* HelloCoreImage */,
			);
		};
/* End PBXProject section */

/* Begin PBXResourcesBuildPhase section */
		4F5BAD1221F0AC50008453E4 /* Resources */ = {
			isa = PBXResourcesBuildPhase;
			buildActionMask = 2147483647;
			files = (
				4F5BAD2421F0AC53008453E4 /* LaunchScreen.storyboard in Resources */,
				4F58499521F1F0D70085B231 /* QRCode1.png in Resources */,
				4F5BAD2121F0AC53008453E4 /* Assets.xcassets in Resources */,
				4F9DB17E25A561EB00779312 /* chrome.png in Resources */,
			);
			runOnlyForDeploymentPostprocessing = 0;
		};
/* End PBXResourcesBuildPhase section */

/* Begin PBXSourcesBuildPhase section */
		4F5BAD1021F0AC50008453E4 /* Sources */ = {
			isa = PBXSourcesBuildPhase;
			buildActionMask = 2147483647;
			files = (
				4FA367A625A36BA0002A4EC2 /* CreateQRCodeImageViewController.m in Sources */,
				4F9DB19825A5A47900779312 /* UseCIFilterViewController.m in Sources */,
				4FBB27F125A9525400E26B55 /* WCViewTool.m in Sources */,
				4F5BAD3621F0ACAC008453E4 /* DecodeQRImageViewController.m in Sources */,
				4F74C2C921FB35E000A87393 /* WCCoreImageTool.m in Sources */,
				4F5BAD2721F0AC53008453E4 /* main.m in Sources */,
				4F5BAD1921F0AC50008453E4 /* AppDelegate.m in Sources */,
				4F5BAD3321F0AC84008453E4 /* RootViewController.m in Sources */,
			);
			runOnlyForDeploymentPostprocessing = 0;
		};
/* End PBXSourcesBuildPhase section */

/* Begin PBXVariantGroup section */
		4F5BAD2221F0AC53008453E4 /* LaunchScreen.storyboard */ = {
			isa = PBXVariantGroup;
			children = (
				4F5BAD2321F0AC53008453E4 /* Base */,
			);
			name = LaunchScreen.storyboard;
			sourceTree = "<group>";
		};
/* End PBXVariantGroup section */

/* Begin XCBuildConfiguration section */
		4F5BAD2821F0AC53008453E4 /* Debug */ = {
			isa = XCBuildConfiguration;
			buildSettings = {
				ALWAYS_SEARCH_USER_PATHS = NO;
				CLANG_ANALYZER_NONNULL = YES;
				CLANG_ANALYZER_NUMBER_OBJECT_CONVERSION = YES_AGGRESSIVE;
				CLANG_CXX_LANGUAGE_STANDARD = "gnu++14";
				CLANG_CXX_LIBRARY = "libc++";
				CLANG_ENABLE_MODULES = YES;
				CLANG_ENABLE_OBJC_ARC = YES;
				CLANG_ENABLE_OBJC_WEAK = YES;
				CLANG_WARN_BLOCK_CAPTURE_AUTORELEASING = YES;
				CLANG_WARN_BOOL_CONVERSION = YES;
				CLANG_WARN_COMMA = YES;
				CLANG_WARN_CONSTANT_CONVERSION = YES;
				CLANG_WARN_DEPRECATED_OBJC_IMPLEMENTATIONS = YES;
				CLANG_WARN_DIRECT_OBJC_ISA_USAGE = YES_ERROR;
				CLANG_WARN_DOCUMENTATION_COMMENTS = YES;
				CLANG_WARN_EMPTY_BODY = YES;
				CLANG_WARN_ENUM_CONVERSION = YES;
				CLANG_WARN_INFINITE_RECURSION = YES;
				CLANG_WARN_INT_CONVERSION = YES;
				CLANG_WARN_NON_LITERAL_NULL_CONVERSION = YES;
				CLANG_WARN_OBJC_IMPLICIT_RETAIN_SELF = YES;
				CLANG_WARN_OBJC_LITERAL_CONVERSION = YES;
				CLANG_WARN_OBJC_ROOT_CLASS = YES_ERROR;
				CLANG_WARN_RANGE_LOOP_ANALYSIS = YES;
				CLANG_WARN_STRICT_PROTOTYPES = YES;
				CLANG_WARN_SUSPICIOUS_MOVE = YES;
				CLANG_WARN_UNGUARDED_AVAILABILITY = YES_AGGRESSIVE;
				CLANG_WARN_UNREACHABLE_CODE = YES;
				CLANG_WARN__DUPLICATE_METHOD_MATCH = YES;
				CODE_SIGN_IDENTITY = "iPhone Developer";
				COPY_PHASE_STRIP = NO;
				DEBUG_INFORMATION_FORMAT = dwarf;
				ENABLE_STRICT_OBJC_MSGSEND = YES;
				ENABLE_TESTABILITY = YES;
				GCC_C_LANGUAGE_STANDARD = gnu11;
				GCC_DYNAMIC_NO_PIC = NO;
				GCC_NO_COMMON_BLOCKS = YES;
				GCC_OPTIMIZATION_LEVEL = 0;
				GCC_PREPROCESSOR_DEFINITIONS = (
					"DEBUG=1",
					"$(inherited)",
				);
				GCC_WARN_64_TO_32_BIT_CONVERSION = YES;
				GCC_WARN_ABOUT_RETURN_TYPE = YES_ERROR;
				GCC_WARN_UNDECLARED_SELECTOR = YES;
				GCC_WARN_UNINITIALIZED_AUTOS = YES_AGGRESSIVE;
				GCC_WARN_UNUSED_FUNCTION = YES;
				GCC_WARN_UNUSED_VARIABLE = YES;
				IPHONEOS_DEPLOYMENT_TARGET = 11.4;
				MTL_ENABLE_DEBUG_INFO = YES;
				ONLY_ACTIVE_ARCH = YES;
				SDKROOT = iphoneos;
			};
			name = Debug;
		};
		4F5BAD2921F0AC53008453E4 /* Release */ = {
			isa = XCBuildConfiguration;
			buildSettings = {
				ALWAYS_SEARCH_USER_PATHS = NO;
				CLANG_ANALYZER_NONNULL = YES;
				CLANG_ANALYZER_NUMBER_OBJECT_CONVERSION = YES_AGGRESSIVE;
				CLANG_CXX_LANGUAGE_STANDARD = "gnu++14";
				CLANG_CXX_LIBRARY = "libc++";
				CLANG_ENABLE_MODULES = YES;
				CLANG_ENABLE_OBJC_ARC = YES;
				CLANG_ENABLE_OBJC_WEAK = YES;
				CLANG_WARN_BLOCK_CAPTURE_AUTORELEASING = YES;
				CLANG_WARN_BOOL_CONVERSION = YES;
				CLANG_WARN_COMMA = YES;
				CLANG_WARN_CONSTANT_CONVERSION = YES;
				CLANG_WARN_DEPRECATED_OBJC_IMPLEMENTATIONS = YES;
				CLANG_WARN_DIRECT_OBJC_ISA_USAGE = YES_ERROR;
				CLANG_WARN_DOCUMENTATION_COMMENTS = YES;
				CLANG_WARN_EMPTY_BODY = YES;
				CLANG_WARN_ENUM_CONVERSION = YES;
				CLANG_WARN_INFINITE_RECURSION = YES;
				CLANG_WARN_INT_CONVERSION = YES;
				CLANG_WARN_NON_LITERAL_NULL_CONVERSION = YES;
				CLANG_WARN_OBJC_IMPLICIT_RETAIN_SELF = YES;
				CLANG_WARN_OBJC_LITERAL_CONVERSION = YES;
				CLANG_WARN_OBJC_ROOT_CLASS = YES_ERROR;
				CLANG_WARN_RANGE_LOOP_ANALYSIS = YES;
				CLANG_WARN_STRICT_PROTOTYPES = YES;
				CLANG_WARN_SUSPICIOUS_MOVE = YES;
				CLANG_WARN_UNGUARDED_AVAILABILITY = YES_AGGRESSIVE;
				CLANG_WARN_UNREACHABLE_CODE = YES;
				CLANG_WARN__DUPLICATE_METHOD_MATCH = YES;
				CODE_SIGN_IDENTITY = "iPhone Developer";
				COPY_PHASE_STRIP = NO;
				DEBUG_INFORMATION_FORMAT = "dwarf-with-dsym";
				ENABLE_NS_ASSERTIONS = NO;
				ENABLE_STRICT_OBJC_MSGSEND = YES;
				GCC_C_LANGUAGE_STANDARD = gnu11;
				GCC_NO_COMMON_BLOCKS = YES;
				GCC_WARN_64_TO_32_BIT_CONVERSION = YES;
				GCC_WARN_ABOUT_RETURN_TYPE = YES_ERROR;
				GCC_WARN_UNDECLARED_SELECTOR = YES;
				GCC_WARN_UNINITIALIZED_AUTOS = YES_AGGRESSIVE;
				GCC_WARN_UNUSED_FUNCTION = YES;
				GCC_WARN_UNUSED_VARIABLE = YES;
				IPHONEOS_DEPLOYMENT_TARGET = 11.4;
				MTL_ENABLE_DEBUG_INFO = NO;
				SDKROOT = iphoneos;
				VALIDATE_PRODUCT = YES;
			};
			name = Release;
		};
		4F5BAD2B21F0AC53008453E4 /* Debug */ = {
			isa = XCBuildConfiguration;
			buildSettings = {
				ASSETCATALOG_COMPILER_APPICON_NAME = AppIcon;
				CODE_SIGN_STYLE = Automatic;
				INFOPLIST_FILE = HelloCoreImage/Info.plist;
				LD_RUNPATH_SEARCH_PATHS = (
					"$(inherited)",
					"@executable_path/Frameworks",
				);
				PRODUCT_BUNDLE_IDENTIFIER = com.wc.HelloCoreImage;
				PRODUCT_NAME = "$(TARGET_NAME)";
				TARGETED_DEVICE_FAMILY = "1,2";
			};
			name = Debug;
		};
		4F5BAD2C21F0AC53008453E4 /* Release */ = {
			isa = XCBuildConfiguration;
			buildSettings = {
				ASSETCATALOG_COMPILER_APPICON_NAME = AppIcon;
				CODE_SIGN_STYLE = Automatic;
				INFOPLIST_FILE = HelloCoreImage/Info.plist;
				LD_RUNPATH_SEARCH_PATHS = (
					"$(inherited)",
					"@executable_path/Frameworks",
				);
				PRODUCT_BUNDLE_IDENTIFIER = com.wc.HelloCoreImage;
				PRODUCT_NAME = "$(TARGET_NAME)";
				TARGETED_DEVICE_FAMILY = "1,2";
			};
			name = Release;
		};
/* End XCBuildConfiguration section */

/* Begin XCConfigurationList section */
		4F5BAD0F21F0AC50008453E4 /* Build configuration list for PBXProject "HelloCoreImage" */ = {
			isa = XCConfigurationList;
			buildConfigurations = (
				4F5BAD2821F0AC53008453E4 /* Debug */,
				4F5BAD2921F0AC53008453E4 /* Release */,
			);
			defaultConfigurationIsVisible = 0;
			defaultConfigurationName = Release;
		};
		4F5BAD2A21F0AC53008453E4 /* Build configuration list for PBXNativeTarget "HelloCoreImage" */ = {
			isa = XCConfigurationList;
			buildConfigurations = (
				4F5BAD2B21F0AC53008453E4 /* Debug */,
				4F5BAD2C21F0AC53008453E4 /* Release */,
			);
			defaultConfigurationIsVisible = 0;
			defaultConfigurationName = Release;
		};
/* End XCConfigurationList section */
	};
	rootObject = 4F5BAD0C21F0AC50008453E4 /* Project object */;
}
