PODS:
  - AwesomeSDK_dynamic_framework (0.1.0)
  - AwesomeSDK_static_framework (0.1.0)
  - ThisAStaticLibrary (0.1.0)

DEPENDENCIES:
  - AwesomeSDK_dynamic_framework (from `../`)
  - AwesomeSDK_static_framework (from `../`)
  - ThisAStaticLibrary (from `../ThisAStaticLibrary/`)

EXTERNAL SOURCES:
  AwesomeSDK_dynamic_framework:
    :path: ../
  AwesomeSDK_static_framework:
    :path: ../
  ThisAStaticLibrary:
    :path: ../ThisAStaticLibrary/

SPEC CHECKSUMS:
  AwesomeSDK_dynamic_framework: 4a8dc34aaf30f550e8c0d6fdd276d92daaf61b18
  AwesomeSDK_static_framework: 2583067dc0643803e3f5770afe516d73a6093e43
  ThisAStaticLibrary: 2646f42c5e6d8ac6279e275eeb292505dbe6ea02

PODFILE CHECKSUM: 186911ff94f19bad40be19e5a231258464cb9407

COCOAPODS: 1.3.1
