// !$*UTF8*$!
{
	archiveVersion = 1;
	classes = {
	};
	objectVersion = 50;
	objects = {

/* Begin PBXBuildFile section */
		4F6B552121AFF0F6009843E6 /* AppDelegate.m in Sources */ = {isa = PBXBuildFile; fileRef = 4F6B552021AFF0F6009843E6 /* AppDelegate.m */; };
		4F6B552921AFF0F7009843E6 /* Assets.xcassets in Resources */ = {isa = PBXBuildFile; fileRef = 4F6B552821AFF0F7009843E6 /* Assets.xcassets */; };
		4F6B552C21AFF0F7009843E6 /* LaunchScreen.storyboard in Resources */ = {isa = PBXBuildFile; fileRef = 4F6B552A21AFF0F7009843E6 /* LaunchScreen.storyboard */; };
		4F6B552F21AFF0F7009843E6 /* main.m in Sources */ = {isa = PBXBuildFile; fileRef = 4F6B552E21AFF0F7009843E6 /* main.m */; };
		4F6B553721AFF121009843E6 /* RootViewController.m in Sources */ = {isa = PBXBuildFile; fileRef = 4F6B553521AFF121009843E6 /* RootViewController.m */; };
		4F6B553B21AFF1C9009843E6 /* GetAllFontNamesViewController.m in Sources */ = {isa = PBXBuildFile; fileRef = 4F6B553A21AFF1C9009843E6 /* GetAllFontNamesViewController.m */; };
		4F8AD8F421B0DAF1005DE01F /* WCFontTool.m in Sources */ = {isa = PBXBuildFile; fileRef = 4F8AD8F321B0DAF1005DE01F /* WCFontTool.m */; };
		4F8AD8F721B0EB65005DE01F /* SystemFontViewController.m in Sources */ = {isa = PBXBuildFile; fileRef = 4F8AD8F621B0EB65005DE01F /* SystemFontViewController.m */; };
/* End PBXBuildFile section */

/* Begin PBXFileReference section */
		4F6B551C21AFF0F5009843E6 /* HelloUIFont.app */ = {isa = PBXFileReference; explicitFileType = wrapper.application; includeInIndex = 0; path = HelloUIFont.app; sourceTree = BUILT_PRODUCTS_DIR; };
		4F6B551F21AFF0F5009843E6 /* AppDelegate.h */ = {isa = PBXFileReference; lastKnownFileType = sourcecode.c.h; path = AppDelegate.h; sourceTree = "<group>"; };
		4F6B552021AFF0F6009843E6 /* AppDelegate.m */ = {isa = PBXFileReference; lastKnownFileType = sourcecode.c.objc; path = AppDelegate.m; sourceTree = "<group>"; };
		4F6B552821AFF0F7009843E6 /* Assets.xcassets */ = {isa = PBXFileReference; lastKnownFileType = folder.assetcatalog; path = Assets.xcassets; sourceTree = "<group>"; };
		4F6B552B21AFF0F7009843E6 /* Base */ = {isa = PBXFileReference; lastKnownFileType = file.storyboard; name = Base; path = Base.lproj/LaunchScreen.storyboard; sourceTree = "<group>"; };
		4F6B552D21AFF0F7009843E6 /* Info.plist */ = {isa = PBXFileReference; lastKnownFileType = text.plist.xml; path = Info.plist; sourceTree = "<group>"; };
		4F6B552E21AFF0F7009843E6 /* main.m */ = {isa = PBXFileReference; lastKnownFileType = sourcecode.c.objc; path = main.m; sourceTree = "<group>"; };
		4F6B553521AFF121009843E6 /* RootViewController.m */ = {isa = PBXFileReference; fileEncoding = 4; lastKnownFileType = sourcecode.c.objc; path = RootViewController.m; sourceTree = "<group>"; };
		4F6B553621AFF121009843E6 /* RootViewController.h */ = {isa = PBXFileReference; fileEncoding = 4; lastKnownFileType = sourcecode.c.h; path = RootViewController.h; sourceTree = "<group>"; };
		4F6B553921AFF1C9009843E6 /* GetAllFontNamesViewController.h */ = {isa = PBXFileReference; lastKnownFileType = sourcecode.c.h; path = GetAllFontNamesViewController.h; sourceTree = "<group>"; };
		4F6B553A21AFF1C9009843E6 /* GetAllFontNamesViewController.m */ = {isa = PBXFileReference; lastKnownFileType = sourcecode.c.objc; path = GetAllFontNamesViewController.m; sourceTree = "<group>"; };
		4F8AD8F221B0DAF1005DE01F /* WCFontTool.h */ = {isa = PBXFileReference; lastKnownFileType = sourcecode.c.h; path = WCFontTool.h; sourceTree = "<group>"; };
		4F8AD8F321B0DAF1005DE01F /* WCFontTool.m */ = {isa = PBXFileReference; lastKnownFileType = sourcecode.c.objc; path = WCFontTool.m; sourceTree = "<group>"; };
		4F8AD8F521B0EB65005DE01F /* SystemFontViewController.h */ = {isa = PBXFileReference; lastKnownFileType = sourcecode.c.h; path = SystemFontViewController.h; sourceTree = "<group>"; };
		4F8AD8F621B0EB65005DE01F /* SystemFontViewController.m */ = {isa = PBXFileReference; lastKnownFileType = sourcecode.c.objc; path = SystemFontViewController.m; sourceTree = "<group>"; };
/* End PBXFileReference section */

/* Begin PBXFrameworksBuildPhase section */
		4F6B551921AFF0F5009843E6 /* Frameworks */ = {
			isa = PBXFrameworksBuildPhase;
			buildActionMask = 2147483647;
			files = (
			);
			runOnlyForDeploymentPostprocessing = 0;
		};
/* End PBXFrameworksBuildPhase section */

/* Begin PBXGroup section */
		4F6B551321AFF0F5009843E6 = {
			isa = PBXGroup;
			children = (
				4F8AD8F121B0DADE005DE01F /* WCFontTool */,
				4F6B551E21AFF0F5009843E6 /* HelloUIFont */,
				4F6B551D21AFF0F5009843E6 /* Products */,
			);
			sourceTree = "<group>";
		};
		4F6B551D21AFF0F5009843E6 /* Products */ = {
			isa = PBXGroup;
			children = (
				4F6B551C21AFF0F5009843E6 /* HelloUIFont.app */,
			);
			name = Products;
			sourceTree = "<group>";
		};
		4F6B551E21AFF0F5009843E6 /* HelloUIFont */ = {
			isa = PBXGroup;
			children = (
				4F6B553821AFF130009843E6 /* AppTestDemos */,
				4F6B551F21AFF0F5009843E6 /* AppDelegate.h */,
				4F6B552021AFF0F6009843E6 /* AppDelegate.m */,
				4F6B553621AFF121009843E6 /* RootViewController.h */,
				4F6B553521AFF121009843E6 /* RootViewController.m */,
				4F6B552821AFF0F7009843E6 /* Assets.xcassets */,
				4F6B552A21AFF0F7009843E6 /* LaunchScreen.storyboard */,
				4F6B552D21AFF0F7009843E6 /* Info.plist */,
				4F6B552E21AFF0F7009843E6 /* main.m */,
			);
			path = HelloUIFont;
			sourceTree = "<group>";
		};
		4F6B553821AFF130009843E6 /* AppTestDemos */ = {
			isa = PBXGroup;
			children = (
				4F6B553921AFF1C9009843E6 /* GetAllFontNamesViewController.h */,
				4F6B553A21AFF1C9009843E6 /* GetAllFontNamesViewController.m */,
				4F8AD8F521B0EB65005DE01F /* SystemFontViewController.h */,
				4F8AD8F621B0EB65005DE01F /* SystemFontViewController.m */,
			);
			path = AppTestDemos;
			sourceTree = "<group>";
		};
		4F8AD8F121B0DADE005DE01F /* WCFontTool */ = {
			isa = PBXGroup;
			children = (
				4F8AD8F221B0DAF1005DE01F /* WCFontTool.h */,
				4F8AD8F321B0DAF1005DE01F /* WCFontTool.m */,
			);
			path = WCFontTool;
			sourceTree = "<group>";
		};
/* End PBXGroup section */

/* Begin PBXNativeTarget section */
		4F6B551B21AFF0F5009843E6 /* HelloUIFont */ = {
			isa = PBXNativeTarget;
			buildConfigurationList = 4F6B553221AFF0F7009843E6 /* Build configuration list for PBXNativeTarget "HelloUIFont" */;
			buildPhases = (
				4F6B551821AFF0F5009843E6 /* Sources */,
				4F6B551921AFF0F5009843E6 /* Frameworks */,
				4F6B551A21AFF0F5009843E6 /* Resources */,
			);
			buildRules = (
			);
			dependencies = (
			);
			name = HelloUIFont;
			productName = HelloUIFont;
			productReference = 4F6B551C21AFF0F5009843E6 /* HelloUIFont.app */;
			productType = "com.apple.product-type.application";
		};
/* End PBXNativeTarget section */

/* Begin PBXProject section */
		4F6B551421AFF0F5009843E6 /* Project object */ = {
			isa = PBXProject;
			attributes = {
				LastUpgradeCheck = 0940;
				ORGANIZATIONNAME = wesley_chen;
				TargetAttributes = {
					4F6B551B21AFF0F5009843E6 = {
						CreatedOnToolsVersion = 9.4.1;
					};
				};
			};
			buildConfigurationList = 4F6B551721AFF0F5009843E6 /* Build configuration list for PBXProject "HelloUIFont" */;
			compatibilityVersion = "Xcode 9.3";
			developmentRegion = en;
			hasScannedForEncodings = 0;
			knownRegions = (
				en,
				Base,
			);
			mainGroup = 4F6B551321AFF0F5009843E6;
			productRefGroup = 4F6B551D21AFF0F5009843E6 /* Products */;
			projectDirPath = "";
			projectRoot = "";
			targets = (
				4F6B551B21AFF0F5009843E6 /* HelloUIFont */,
			);
		};
/* End PBXProject section */

/* Begin PBXResourcesBuildPhase section */
		4F6B551A21AFF0F5009843E6 /* Resources */ = {
			isa = PBXResourcesBuildPhase;
			buildActionMask = 2147483647;
			files = (
				4F6B552C21AFF0F7009843E6 /* LaunchScreen.storyboard in Resources */,
				4F6B552921AFF0F7009843E6 /* Assets.xcassets in Resources */,
			);
			runOnlyForDeploymentPostprocessing = 0;
		};
/* End PBXResourcesBuildPhase section */

/* Begin PBXSourcesBuildPhase section */
		4F6B551821AFF0F5009843E6 /* Sources */ = {
			isa = PBXSourcesBuildPhase;
			buildActionMask = 2147483647;
			files = (
				4F8AD8F421B0DAF1005DE01F /* WCFontTool.m in Sources */,
				4F6B552F21AFF0F7009843E6 /* main.m in Sources */,
				4F8AD8F721B0EB65005DE01F /* SystemFontViewController.m in Sources */,
				4F6B553B21AFF1C9009843E6 /* GetAllFontNamesViewController.m in Sources */,
				4F6B553721AFF121009843E6 /* RootViewController.m in Sources */,
				4F6B552121AFF0F6009843E6 /* AppDelegate.m in Sources */,
			);
			runOnlyForDeploymentPostprocessing = 0;
		};
/* End PBXSourcesBuildPhase section */

/* Begin PBXVariantGroup section */
		4F6B552A21AFF0F7009843E6 /* LaunchScreen.storyboard */ = {
			isa = PBXVariantGroup;
			children = (
				4F6B552B21AFF0F7009843E6 /* Base */,
			);
			name = LaunchScreen.storyboard;
			sourceTree = "<group>";
		};
/* End PBXVariantGroup section */

/* Begin XCBuildConfiguration section */
		4F6B553021AFF0F7009843E6 /* Debug */ = {
			isa = XCBuildConfiguration;
			buildSettings = {
				ALWAYS_SEARCH_USER_PATHS = NO;
				CLANG_ANALYZER_NONNULL = YES;
				CLANG_ANALYZER_NUMBER_OBJECT_CONVERSION = YES_AGGRESSIVE;
				CLANG_CXX_LANGUAGE_STANDARD = "gnu++14";
				CLANG_CXX_LIBRARY = "libc++";
				CLANG_ENABLE_MODULES = YES;
				CLANG_ENABLE_OBJC_ARC = YES;
				CLANG_ENABLE_OBJC_WEAK = YES;
				CLANG_WARN_BLOCK_CAPTURE_AUTORELEASING = YES;
				CLANG_WARN_BOOL_CONVERSION = YES;
				CLANG_WARN_COMMA = YES;
				CLANG_WARN_CONSTANT_CONVERSION = YES;
				CLANG_WARN_DEPRECATED_OBJC_IMPLEMENTATIONS = YES;
				CLANG_WARN_DIRECT_OBJC_ISA_USAGE = YES_ERROR;
				CLANG_WARN_DOCUMENTATION_COMMENTS = YES;
				CLANG_WARN_EMPTY_BODY = YES;
				CLANG_WARN_ENUM_CONVERSION = YES;
				CLANG_WARN_INFINITE_RECURSION = YES;
				CLANG_WARN_INT_CONVERSION = YES;
				CLANG_WARN_NON_LITERAL_NULL_CONVERSION = YES;
				CLANG_WARN_OBJC_IMPLICIT_RETAIN_SELF = YES;
				CLANG_WARN_OBJC_LITERAL_CONVERSION = YES;
				CLANG_WARN_OBJC_ROOT_CLASS = YES_ERROR;
				CLANG_WARN_RANGE_LOOP_ANALYSIS = YES;
				CLANG_WARN_STRICT_PROTOTYPES = YES;
				CLANG_WARN_SUSPICIOUS_MOVE = YES;
				CLANG_WARN_UNGUARDED_AVAILABILITY = YES_AGGRESSIVE;
				CLANG_WARN_UNREACHABLE_CODE = YES;
				CLANG_WARN__DUPLICATE_METHOD_MATCH = YES;
				CODE_SIGN_IDENTITY = "iPhone Developer";
				COPY_PHASE_STRIP = NO;
				DEBUG_INFORMATION_FORMAT = dwarf;
				ENABLE_STRICT_OBJC_MSGSEND = YES;
				ENABLE_TESTABILITY = YES;
				GCC_C_LANGUAGE_STANDARD = gnu11;
				GCC_DYNAMIC_NO_PIC = NO;
				GCC_NO_COMMON_BLOCKS = YES;
				GCC_OPTIMIZATION_LEVEL = 0;
				GCC_PREPROCESSOR_DEFINITIONS = (
					"DEBUG=1",
					"$(inherited)",
				);
				GCC_WARN_64_TO_32_BIT_CONVERSION = YES;
				GCC_WARN_ABOUT_RETURN_TYPE = YES_ERROR;
				GCC_WARN_UNDECLARED_SELECTOR = YES;
				GCC_WARN_UNINITIALIZED_AUTOS = YES_AGGRESSIVE;
				GCC_WARN_UNUSED_FUNCTION = YES;
				GCC_WARN_UNUSED_VARIABLE = YES;
				IPHONEOS_DEPLOYMENT_TARGET = 11.4;
				MTL_ENABLE_DEBUG_INFO = YES;
				ONLY_ACTIVE_ARCH = YES;
				SDKROOT = iphoneos;
			};
			name = Debug;
		};
		4F6B553121AFF0F7009843E6 /* Release */ = {
			isa = XCBuildConfiguration;
			buildSettings = {
				ALWAYS_SEARCH_USER_PATHS = NO;
				CLANG_ANALYZER_NONNULL = YES;
				CLANG_ANALYZER_NUMBER_OBJECT_CONVERSION = YES_AGGRESSIVE;
				CLANG_CXX_LANGUAGE_STANDARD = "gnu++14";
				CLANG_CXX_LIBRARY = "libc++";
				CLANG_ENABLE_MODULES = YES;
				CLANG_ENABLE_OBJC_ARC = YES;
				CLANG_ENABLE_OBJC_WEAK = YES;
				CLANG_WARN_BLOCK_CAPTURE_AUTORELEASING = YES;
				CLANG_WARN_BOOL_CONVERSION = YES;
				CLANG_WARN_COMMA = YES;
				CLANG_WARN_CONSTANT_CONVERSION = YES;
				CLANG_WARN_DEPRECATED_OBJC_IMPLEMENTATIONS = YES;
				CLANG_WARN_DIRECT_OBJC_ISA_USAGE = YES_ERROR;
				CLANG_WARN_DOCUMENTATION_COMMENTS = YES;
				CLANG_WARN_EMPTY_BODY = YES;
				CLANG_WARN_ENUM_CONVERSION = YES;
				CLANG_WARN_INFINITE_RECURSION = YES;
				CLANG_WARN_INT_CONVERSION = YES;
				CLANG_WARN_NON_LITERAL_NULL_CONVERSION = YES;
				CLANG_WARN_OBJC_IMPLICIT_RETAIN_SELF = YES;
				CLANG_WARN_OBJC_LITERAL_CONVERSION = YES;
				CLANG_WARN_OBJC_ROOT_CLASS = YES_ERROR;
				CLANG_WARN_RANGE_LOOP_ANALYSIS = YES;
				CLANG_WARN_STRICT_PROTOTYPES = YES;
				CLANG_WARN_SUSPICIOUS_MOVE = YES;
				CLANG_WARN_UNGUARDED_AVAILABILITY = YES_AGGRESSIVE;
				CLANG_WARN_UNREACHABLE_CODE = YES;
				CLANG_WARN__DUPLICATE_METHOD_MATCH = YES;
				CODE_SIGN_IDENTITY = "iPhone Developer";
				COPY_PHASE_STRIP = NO;
				DEBUG_INFORMATION_FORMAT = "dwarf-with-dsym";
				ENABLE_NS_ASSERTIONS = NO;
				ENABLE_STRICT_OBJC_MSGSEND = YES;
				GCC_C_LANGUAGE_STANDARD = gnu11;
				GCC_NO_COMMON_BLOCKS = YES;
				GCC_WARN_64_TO_32_BIT_CONVERSION = YES;
				GCC_WARN_ABOUT_RETURN_TYPE = YES_ERROR;
				GCC_WARN_UNDECLARED_SELECTOR = YES;
				GCC_WARN_UNINITIALIZED_AUTOS = YES_AGGRESSIVE;
				GCC_WARN_UNUSED_FUNCTION = YES;
				GCC_WARN_UNUSED_VARIABLE = YES;
				IPHONEOS_DEPLOYMENT_TARGET = 11.4;
				MTL_ENABLE_DEBUG_INFO = NO;
				SDKROOT = iphoneos;
				VALIDATE_PRODUCT = YES;
			};
			name = Release;
		};
		4F6B553321AFF0F7009843E6 /* Debug */ = {
			isa = XCBuildConfiguration;
			buildSettings = {
				ASSETCATALOG_COMPILER_APPICON_NAME = AppIcon;
				CODE_SIGN_STYLE = Automatic;
				INFOPLIST_FILE = HelloUIFont/Info.plist;
				LD_RUNPATH_SEARCH_PATHS = (
					"$(inherited)",
					"@executable_path/Frameworks",
				);
				PRODUCT_BUNDLE_IDENTIFIER = com.wc.HelloUIFont;
				PRODUCT_NAME = "$(TARGET_NAME)";
				TARGETED_DEVICE_FAMILY = "1,2";
			};
			name = Debug;
		};
		4F6B553421AFF0F7009843E6 /* Release */ = {
			isa = XCBuildConfiguration;
			buildSettings = {
				ASSETCATALOG_COMPILER_APPICON_NAME = AppIcon;
				CODE_SIGN_STYLE = Automatic;
				INFOPLIST_FILE = HelloUIFont/Info.plist;
				LD_RUNPATH_SEARCH_PATHS = (
					"$(inherited)",
					"@executable_path/Frameworks",
				);
				PRODUCT_BUNDLE_IDENTIFIER = com.wc.HelloUIFont;
				PRODUCT_NAME = "$(TARGET_NAME)";
				TARGETED_DEVICE_FAMILY = "1,2";
			};
			name = Release;
		};
/* End XCBuildConfiguration section */

/* Begin XCConfigurationList section */
		4F6B551721AFF0F5009843E6 /* Build configuration list for PBXProject "HelloUIFont" */ = {
			isa = XCConfigurationList;
			buildConfigurations = (
				4F6B553021AFF0F7009843E6 /* Debug */,
				4F6B553121AFF0F7009843E6 /* Release */,
			);
			defaultConfigurationIsVisible = 0;
			defaultConfigurationName = Release;
		};
		4F6B553221AFF0F7009843E6 /* Build configuration list for PBXNativeTarget "HelloUIFont" */ = {
			isa = XCConfigurationList;
			buildConfigurations = (
				4F6B553321AFF0F7009843E6 /* Debug */,
				4F6B553421AFF0F7009843E6 /* Release */,
			);
			defaultConfigurationIsVisible = 0;
			defaultConfigurationName = Release;
		};
/* End XCConfigurationList section */
	};
	rootObject = 4F6B551421AFF0F5009843E6 /* Project object */;
}
