// !$*UTF8*$!
{
	archiveVersion = 1;
	classes = {
	};
	objectVersion = 51;
	objects = {

/* Begin PBXBuildFile section */
		4F4E9BF125F60021005019DF /* AppDelegate.m in Sources */ = {isa = PBXBuildFile; fileRef = 4F4E9BF025F60021005019DF /* AppDelegate.m */; };
		4F4E9BFC25F60023005019DF /* Assets.xcassets in Resources */ = {isa = PBXBuildFile; fileRef = 4F4E9BFB25F60023005019DF /* Assets.xcassets */; };
		4F4E9BFF25F60023005019DF /* LaunchScreen.storyboard in Resources */ = {isa = PBXBuildFile; fileRef = 4F4E9BFD25F60023005019DF /* LaunchScreen.storyboard */; };
		4F4E9C0225F60023005019DF /* main.m in Sources */ = {isa = PBXBuildFile; fileRef = 4F4E9C0125F60023005019DF /* main.m */; };
		4F55D69525F6815100137F84 /* rotateRefresh in Resources */ = {isa = PBXBuildFile; fileRef = 4F55D69325F6815100137F84 /* rotateRefresh */; };
		4F55D69625F6815100137F84 /* rotateRefresh-focus in Resources */ = {isa = PBXBuildFile; fileRef = 4F55D69425F6815100137F84 /* rotateRefresh-focus */; };
		4FAB6EBA25F76C2B00B18744 /* anim1 in Resources */ = {isa = PBXBuildFile; fileRef = 4FAB6EB725F76C2B00B18744 /* anim1 */; };
		4FAB6EBB25F76C2B00B18744 /* anim3 in Resources */ = {isa = PBXBuildFile; fileRef = 4FAB6EB825F76C2B00B18744 /* anim3 */; };
		4FAB6EBC25F76C2B00B18744 /* anim2 in Resources */ = {isa = PBXBuildFile; fileRef = 4FAB6EB925F76C2B00B18744 /* anim2 */; };
		4FF7D10825F6071400EA3C3E /* UseLOTAnimationViewViewController.m in Sources */ = {isa = PBXBuildFile; fileRef = 4FF7D10525F6071400EA3C3E /* UseLOTAnimationViewViewController.m */; };
		4FF7D10925F6071400EA3C3E /* RootViewController.m in Sources */ = {isa = PBXBuildFile; fileRef = 4FF7D10725F6071400EA3C3E /* RootViewController.m */; };
		FF996500D4065593EBB4D77B /* Pods_HelloLottie.framework in Frameworks */ = {isa = PBXBuildFile; fileRef = BAB3E990A872EE85F415E611 /* Pods_HelloLottie.framework */; };
/* End PBXBuildFile section */

/* Begin PBXFileReference section */
		14FCE47105D2456E5E8411FA /* Pods-HelloLottie.release.xcconfig */ = {isa = PBXFileReference; includeInIndex = 1; lastKnownFileType = text.xcconfig; name = "Pods-HelloLottie.release.xcconfig"; path = "Target Support Files/Pods-HelloLottie/Pods-HelloLottie.release.xcconfig"; sourceTree = "<group>"; };
		4F4E9BEC25F60021005019DF /* HelloLottie.app */ = {isa = PBXFileReference; explicitFileType = wrapper.application; includeInIndex = 0; path = HelloLottie.app; sourceTree = BUILT_PRODUCTS_DIR; };
		4F4E9BEF25F60021005019DF /* AppDelegate.h */ = {isa = PBXFileReference; lastKnownFileType = sourcecode.c.h; path = AppDelegate.h; sourceTree = "<group>"; };
		4F4E9BF025F60021005019DF /* AppDelegate.m */ = {isa = PBXFileReference; lastKnownFileType = sourcecode.c.objc; path = AppDelegate.m; sourceTree = "<group>"; };
		4F4E9BFB25F60023005019DF /* Assets.xcassets */ = {isa = PBXFileReference; lastKnownFileType = folder.assetcatalog; path = Assets.xcassets; sourceTree = "<group>"; };
		4F4E9BFE25F60023005019DF /* Base */ = {isa = PBXFileReference; lastKnownFileType = file.storyboard; name = Base; path = Base.lproj/LaunchScreen.storyboard; sourceTree = "<group>"; };
		4F4E9C0025F60023005019DF /* Info.plist */ = {isa = PBXFileReference; lastKnownFileType = text.plist.xml; path = Info.plist; sourceTree = "<group>"; };
		4F4E9C0125F60023005019DF /* main.m */ = {isa = PBXFileReference; lastKnownFileType = sourcecode.c.objc; path = main.m; sourceTree = "<group>"; };
		4F55D69325F6815100137F84 /* rotateRefresh */ = {isa = PBXFileReference; lastKnownFileType = folder; path = rotateRefresh; sourceTree = "<group>"; };
		4F55D69425F6815100137F84 /* rotateRefresh-focus */ = {isa = PBXFileReference; lastKnownFileType = folder; path = "rotateRefresh-focus"; sourceTree = "<group>"; };
		4FAB6EB725F76C2B00B18744 /* anim1 */ = {isa = PBXFileReference; lastKnownFileType = folder; path = anim1; sourceTree = "<group>"; };
		4FAB6EB825F76C2B00B18744 /* anim3 */ = {isa = PBXFileReference; lastKnownFileType = folder; path = anim3; sourceTree = "<group>"; };
		4FAB6EB925F76C2B00B18744 /* anim2 */ = {isa = PBXFileReference; lastKnownFileType = folder; path = anim2; sourceTree = "<group>"; };
		4FF7D10325F6071400EA3C3E /* RootViewController.h */ = {isa = PBXFileReference; fileEncoding = 4; lastKnownFileType = sourcecode.c.h; path = RootViewController.h; sourceTree = "<group>"; };
		4FF7D10525F6071400EA3C3E /* UseLOTAnimationViewViewController.m */ = {isa = PBXFileReference; fileEncoding = 4; lastKnownFileType = sourcecode.c.objc; path = UseLOTAnimationViewViewController.m; sourceTree = "<group>"; };
		4FF7D10625F6071400EA3C3E /* UseLOTAnimationViewViewController.h */ = {isa = PBXFileReference; fileEncoding = 4; lastKnownFileType = sourcecode.c.h; path = UseLOTAnimationViewViewController.h; sourceTree = "<group>"; };
		4FF7D10725F6071400EA3C3E /* RootViewController.m */ = {isa = PBXFileReference; fileEncoding = 4; lastKnownFileType = sourcecode.c.objc; path = RootViewController.m; sourceTree = "<group>"; };
		91019D6F4FEB6506CC7BFE51 /* Pods-HelloLottie.debug.xcconfig */ = {isa = PBXFileReference; includeInIndex = 1; lastKnownFileType = text.xcconfig; name = "Pods-HelloLottie.debug.xcconfig"; path = "Target Support Files/Pods-HelloLottie/Pods-HelloLottie.debug.xcconfig"; sourceTree = "<group>"; };
		BAB3E990A872EE85F415E611 /* Pods_HelloLottie.framework */ = {isa = PBXFileReference; explicitFileType = wrapper.framework; includeInIndex = 0; path = Pods_HelloLottie.framework; sourceTree = BUILT_PRODUCTS_DIR; };
/* End PBXFileReference section */

/* Begin PBXFrameworksBuildPhase section */
		4F4E9BE925F60021005019DF /* Frameworks */ = {
			isa = PBXFrameworksBuildPhase;
			buildActionMask = 2147483647;
			files = (
				FF996500D4065593EBB4D77B /* Pods_HelloLottie.framework in Frameworks */,
			);
			runOnlyForDeploymentPostprocessing = 0;
		};
/* End PBXFrameworksBuildPhase section */

/* Begin PBXGroup section */
		4F4E9BE325F60021005019DF = {
			isa = PBXGroup;
			children = (
				4F4E9BEE25F60021005019DF /* HelloLottie */,
				4F4E9BED25F60021005019DF /* Products */,
				F2EED80042A8BBD8A71157FE /* Pods */,
				AAB0CAA458CC46D948408C68 /* Frameworks */,
			);
			sourceTree = "<group>";
		};
		4F4E9BED25F60021005019DF /* Products */ = {
			isa = PBXGroup;
			children = (
				4F4E9BEC25F60021005019DF /* HelloLottie.app */,
			);
			name = Products;
			sourceTree = "<group>";
		};
		4F4E9BEE25F60021005019DF /* HelloLottie */ = {
			isa = PBXGroup;
			children = (
				4F55D69225F6813E00137F84 /* Resources */,
				4FF7D10425F6071400EA3C3E /* AppTestDemos */,
				4F4E9BEF25F60021005019DF /* AppDelegate.h */,
				4F4E9BF025F60021005019DF /* AppDelegate.m */,
				4FF7D10325F6071400EA3C3E /* RootViewController.h */,
				4FF7D10725F6071400EA3C3E /* RootViewController.m */,
				4F4E9BFB25F60023005019DF /* Assets.xcassets */,
				4F4E9BFD25F60023005019DF /* LaunchScreen.storyboard */,
				4F4E9C0025F60023005019DF /* Info.plist */,
				4F4E9C0125F60023005019DF /* main.m */,
			);
			path = HelloLottie;
			sourceTree = "<group>";
		};
		4F55D69225F6813E00137F84 /* Resources */ = {
			isa = PBXGroup;
			children = (
				4FAB6EB725F76C2B00B18744 /* anim1 */,
				4FAB6EB925F76C2B00B18744 /* anim2 */,
				4FAB6EB825F76C2B00B18744 /* anim3 */,
				4F55D69325F6815100137F84 /* rotateRefresh */,
				4F55D69425F6815100137F84 /* rotateRefresh-focus */,
			);
			path = Resources;
			sourceTree = "<group>";
		};
		4FF7D10425F6071400EA3C3E /* AppTestDemos */ = {
			isa = PBXGroup;
			children = (
				4FF7D10625F6071400EA3C3E /* UseLOTAnimationViewViewController.h */,
				4FF7D10525F6071400EA3C3E /* UseLOTAnimationViewViewController.m */,
			);
			path = AppTestDemos;
			sourceTree = "<group>";
		};
		AAB0CAA458CC46D948408C68 /* Frameworks */ = {
			isa = PBXGroup;
			children = (
				BAB3E990A872EE85F415E611 /* Pods_HelloLottie.framework */,
			);
			name = Frameworks;
			sourceTree = "<group>";
		};
		F2EED80042A8BBD8A71157FE /* Pods */ = {
			isa = PBXGroup;
			children = (
				91019D6F4FEB6506CC7BFE51 /* Pods-HelloLottie.debug.xcconfig */,
				14FCE47105D2456E5E8411FA /* Pods-HelloLottie.release.xcconfig */,
			);
			path = Pods;
			sourceTree = "<group>";
		};
/* End PBXGroup section */

/* Begin PBXNativeTarget section */
		4F4E9BEB25F60021005019DF /* HelloLottie */ = {
			isa = PBXNativeTarget;
			buildConfigurationList = 4F4E9C0525F60023005019DF /* Build configuration list for PBXNativeTarget "HelloLottie" */;
			buildPhases = (
				03CC351A43620167EB938C2A /* [CP] Check Pods Manifest.lock */,
				4F4E9BE825F60021005019DF /* Sources */,
				4F4E9BE925F60021005019DF /* Frameworks */,
				4F4E9BEA25F60021005019DF /* Resources */,
				94F7A79018B74E543BEBFCCC /* [CP] Embed Pods Frameworks */,
			);
			buildRules = (
			);
			dependencies = (
			);
			name = HelloLottie;
			productName = HelloLottie;
			productReference = 4F4E9BEC25F60021005019DF /* HelloLottie.app */;
			productType = "com.apple.product-type.application";
		};
/* End PBXNativeTarget section */

/* Begin PBXProject section */
		4F4E9BE425F60021005019DF /* Project object */ = {
			isa = PBXProject;
			attributes = {
				LastUpgradeCheck = 1240;
				TargetAttributes = {
					4F4E9BEB25F60021005019DF = {
						CreatedOnToolsVersion = 12.4;
					};
				};
			};
			buildConfigurationList = 4F4E9BE725F60021005019DF /* Build configuration list for PBXProject "HelloLottie" */;
			compatibilityVersion = "Xcode 9.3";
			developmentRegion = en;
			hasScannedForEncodings = 0;
			knownRegions = (
				en,
				Base,
			);
			mainGroup = 4F4E9BE325F60021005019DF;
			productRefGroup = 4F4E9BED25F60021005019DF /* Products */;
			projectDirPath = "";
			projectRoot = "";
			targets = (
				4F4E9BEB25F60021005019DF /* HelloLottie */,
			);
		};
/* End PBXProject section */

/* Begin PBXResourcesBuildPhase section */
		4F4E9BEA25F60021005019DF /* Resources */ = {
			isa = PBXResourcesBuildPhase;
			buildActionMask = 2147483647;
			files = (
				4F4E9BFF25F60023005019DF /* LaunchScreen.storyboard in Resources */,
				4F55D69525F6815100137F84 /* rotateRefresh in Resources */,
				4FAB6EBC25F76C2B00B18744 /* anim2 in Resources */,
				4FAB6EBA25F76C2B00B18744 /* anim1 in Resources */,
				4FAB6EBB25F76C2B00B18744 /* anim3 in Resources */,
				4F55D69625F6815100137F84 /* rotateRefresh-focus in Resources */,
				4F4E9BFC25F60023005019DF /* Assets.xcassets in Resources */,
			);
			runOnlyForDeploymentPostprocessing = 0;
		};
/* End PBXResourcesBuildPhase section */

/* Begin PBXShellScriptBuildPhase section */
		03CC351A43620167EB938C2A /* [CP] Check Pods Manifest.lock */ = {
			isa = PBXShellScriptBuildPhase;
			buildActionMask = 2147483647;
			files = (
			);
			inputFileListPaths = (
			);
			inputPaths = (
				"${PODS_PODFILE_DIR_PATH}/Podfile.lock",
				"${PODS_ROOT}/Manifest.lock",
			);
			name = "[CP] Check Pods Manifest.lock";
			outputFileListPaths = (
			);
			outputPaths = (
				"$(DERIVED_FILE_DIR)/Pods-HelloLottie-checkManifestLockResult.txt",
			);
			runOnlyForDeploymentPostprocessing = 0;
			shellPath = /bin/sh;
			shellScript = "diff \"${PODS_PODFILE_DIR_PATH}/Podfile.lock\" \"${PODS_ROOT}/Manifest.lock\" > /dev/null\nif [ $? != 0 ] ; then\n    # print error to STDERR\n    echo \"error: The sandbox is not in sync with the Podfile.lock. Run 'pod install' or update your CocoaPods installation.\" >&2\n    exit 1\nfi\n# This output is used by Xcode 'outputs' to avoid re-running this script phase.\necho \"SUCCESS\" > \"${SCRIPT_OUTPUT_FILE_0}\"\n";
			showEnvVarsInLog = 0;
		};
		94F7A79018B74E543BEBFCCC /* [CP] Embed Pods Frameworks */ = {
			isa = PBXShellScriptBuildPhase;
			buildActionMask = 2147483647;
			files = (
			);
			inputFileListPaths = (
				"${PODS_ROOT}/Target Support Files/Pods-HelloLottie/Pods-HelloLottie-frameworks-${CONFIGURATION}-input-files.xcfilelist",
			);
			name = "[CP] Embed Pods Frameworks";
			outputFileListPaths = (
				"${PODS_ROOT}/Target Support Files/Pods-HelloLottie/Pods-HelloLottie-frameworks-${CONFIGURATION}-output-files.xcfilelist",
			);
			runOnlyForDeploymentPostprocessing = 0;
			shellPath = /bin/sh;
			shellScript = "\"${PODS_ROOT}/Target Support Files/Pods-HelloLottie/Pods-HelloLottie-frameworks.sh\"\n";
			showEnvVarsInLog = 0;
		};
/* End PBXShellScriptBuildPhase section */

/* Begin PBXSourcesBuildPhase section */
		4F4E9BE825F60021005019DF /* Sources */ = {
			isa = PBXSourcesBuildPhase;
			buildActionMask = 2147483647;
			files = (
				4F4E9BF125F60021005019DF /* AppDelegate.m in Sources */,
				4FF7D10825F6071400EA3C3E /* UseLOTAnimationViewViewController.m in Sources */,
				4FF7D10925F6071400EA3C3E /* RootViewController.m in Sources */,
				4F4E9C0225F60023005019DF /* main.m in Sources */,
			);
			runOnlyForDeploymentPostprocessing = 0;
		};
/* End PBXSourcesBuildPhase section */

/* Begin PBXVariantGroup section */
		4F4E9BFD25F60023005019DF /* LaunchScreen.storyboard */ = {
			isa = PBXVariantGroup;
			children = (
				4F4E9BFE25F60023005019DF /* Base */,
			);
			name = LaunchScreen.storyboard;
			sourceTree = "<group>";
		};
/* End PBXVariantGroup section */

/* Begin XCBuildConfiguration section */
		4F4E9C0325F60023005019DF /* Debug */ = {
			isa = XCBuildConfiguration;
			buildSettings = {
				ALWAYS_SEARCH_USER_PATHS = NO;
				CLANG_ANALYZER_NONNULL = YES;
				CLANG_ANALYZER_NUMBER_OBJECT_CONVERSION = YES_AGGRESSIVE;
				CLANG_CXX_LANGUAGE_STANDARD = "gnu++14";
				CLANG_CXX_LIBRARY = "libc++";
				CLANG_ENABLE_MODULES = YES;
				CLANG_ENABLE_OBJC_ARC = YES;
				CLANG_ENABLE_OBJC_WEAK = YES;
				CLANG_WARN_BLOCK_CAPTURE_AUTORELEASING = YES;
				CLANG_WARN_BOOL_CONVERSION = YES;
				CLANG_WARN_COMMA = YES;
				CLANG_WARN_CONSTANT_CONVERSION = YES;
				CLANG_WARN_DEPRECATED_OBJC_IMPLEMENTATIONS = YES;
				CLANG_WARN_DIRECT_OBJC_ISA_USAGE = YES_ERROR;
				CLANG_WARN_DOCUMENTATION_COMMENTS = YES;
				CLANG_WARN_EMPTY_BODY = YES;
				CLANG_WARN_ENUM_CONVERSION = YES;
				CLANG_WARN_INFINITE_RECURSION = YES;
				CLANG_WARN_INT_CONVERSION = YES;
				CLANG_WARN_NON_LITERAL_NULL_CONVERSION = YES;
				CLANG_WARN_OBJC_IMPLICIT_RETAIN_SELF = YES;
				CLANG_WARN_OBJC_LITERAL_CONVERSION = YES;
				CLANG_WARN_OBJC_ROOT_CLASS = YES_ERROR;
				CLANG_WARN_QUOTED_INCLUDE_IN_FRAMEWORK_HEADER = YES;
				CLANG_WARN_RANGE_LOOP_ANALYSIS = YES;
				CLANG_WARN_STRICT_PROTOTYPES = YES;
				CLANG_WARN_SUSPICIOUS_MOVE = YES;
				CLANG_WARN_UNGUARDED_AVAILABILITY = YES_AGGRESSIVE;
				CLANG_WARN_UNREACHABLE_CODE = YES;
				CLANG_WARN__DUPLICATE_METHOD_MATCH = YES;
				COPY_PHASE_STRIP = NO;
				DEBUG_INFORMATION_FORMAT = dwarf;
				ENABLE_STRICT_OBJC_MSGSEND = YES;
				ENABLE_TESTABILITY = YES;
				GCC_C_LANGUAGE_STANDARD = gnu11;
				GCC_DYNAMIC_NO_PIC = NO;
				GCC_NO_COMMON_BLOCKS = YES;
				GCC_OPTIMIZATION_LEVEL = 0;
				GCC_PREPROCESSOR_DEFINITIONS = (
					"DEBUG=1",
					"$(inherited)",
				);
				GCC_WARN_64_TO_32_BIT_CONVERSION = YES;
				GCC_WARN_ABOUT_RETURN_TYPE = YES_ERROR;
				GCC_WARN_UNDECLARED_SELECTOR = YES;
				GCC_WARN_UNINITIALIZED_AUTOS = YES_AGGRESSIVE;
				GCC_WARN_UNUSED_FUNCTION = YES;
				GCC_WARN_UNUSED_VARIABLE = YES;
				IPHONEOS_DEPLOYMENT_TARGET = 9.0;
				MTL_ENABLE_DEBUG_INFO = INCLUDE_SOURCE;
				MTL_FAST_MATH = YES;
				ONLY_ACTIVE_ARCH = YES;
				SDKROOT = iphoneos;
			};
			name = Debug;
		};
		4F4E9C0425F60023005019DF /* Release */ = {
			isa = XCBuildConfiguration;
			buildSettings = {
				ALWAYS_SEARCH_USER_PATHS = NO;
				CLANG_ANALYZER_NONNULL = YES;
				CLANG_ANALYZER_NUMBER_OBJECT_CONVERSION = YES_AGGRESSIVE;
				CLANG_CXX_LANGUAGE_STANDARD = "gnu++14";
				CLANG_CXX_LIBRARY = "libc++";
				CLANG_ENABLE_MODULES = YES;
				CLANG_ENABLE_OBJC_ARC = YES;
				CLANG_ENABLE_OBJC_WEAK = YES;
				CLANG_WARN_BLOCK_CAPTURE_AUTORELEASING = YES;
				CLANG_WARN_BOOL_CONVERSION = YES;
				CLANG_WARN_COMMA = YES;
				CLANG_WARN_CONSTANT_CONVERSION = YES;
				CLANG_WARN_DEPRECATED_OBJC_IMPLEMENTATIONS = YES;
				CLANG_WARN_DIRECT_OBJC_ISA_USAGE = YES_ERROR;
				CLANG_WARN_DOCUMENTATION_COMMENTS = YES;
				CLANG_WARN_EMPTY_BODY = YES;
				CLANG_WARN_ENUM_CONVERSION = YES;
				CLANG_WARN_INFINITE_RECURSION = YES;
				CLANG_WARN_INT_CONVERSION = YES;
				CLANG_WARN_NON_LITERAL_NULL_CONVERSION = YES;
				CLANG_WARN_OBJC_IMPLICIT_RETAIN_SELF = YES;
				CLANG_WARN_OBJC_LITERAL_CONVERSION = YES;
				CLANG_WARN_OBJC_ROOT_CLASS = YES_ERROR;
				CLANG_WARN_QUOTED_INCLUDE_IN_FRAMEWORK_HEADER = YES;
				CLANG_WARN_RANGE_LOOP_ANALYSIS = YES;
				CLANG_WARN_STRICT_PROTOTYPES = YES;
				CLANG_WARN_SUSPICIOUS_MOVE = YES;
				CLANG_WARN_UNGUARDED_AVAILABILITY = YES_AGGRESSIVE;
				CLANG_WARN_UNREACHABLE_CODE = YES;
				CLANG_WARN__DUPLICATE_METHOD_MATCH = YES;
				COPY_PHASE_STRIP = NO;
				DEBUG_INFORMATION_FORMAT = "dwarf-with-dsym";
				ENABLE_NS_ASSERTIONS = NO;
				ENABLE_STRICT_OBJC_MSGSEND = YES;
				GCC_C_LANGUAGE_STANDARD = gnu11;
				GCC_NO_COMMON_BLOCKS = YES;
				GCC_WARN_64_TO_32_BIT_CONVERSION = YES;
				GCC_WARN_ABOUT_RETURN_TYPE = YES_ERROR;
				GCC_WARN_UNDECLARED_SELECTOR = YES;
				GCC_WARN_UNINITIALIZED_AUTOS = YES_AGGRESSIVE;
				GCC_WARN_UNUSED_FUNCTION = YES;
				GCC_WARN_UNUSED_VARIABLE = YES;
				IPHONEOS_DEPLOYMENT_TARGET = 9.0;
				MTL_ENABLE_DEBUG_INFO = NO;
				MTL_FAST_MATH = YES;
				SDKROOT = iphoneos;
				VALIDATE_PRODUCT = YES;
			};
			name = Release;
		};
		4F4E9C0625F60023005019DF /* Debug */ = {
			isa = XCBuildConfiguration;
			baseConfigurationReference = 91019D6F4FEB6506CC7BFE51 /* Pods-HelloLottie.debug.xcconfig */;
			buildSettings = {
				ASSETCATALOG_COMPILER_APPICON_NAME = AppIcon;
				ASSETCATALOG_COMPILER_GLOBAL_ACCENT_COLOR_NAME = AccentColor;
				CODE_SIGN_STYLE = Automatic;
				INFOPLIST_FILE = HelloLottie/Info.plist;
				LD_RUNPATH_SEARCH_PATHS = (
					"$(inherited)",
					"@executable_path/Frameworks",
				);
				PRODUCT_BUNDLE_IDENTIFIER = com.wc.HelloLottie;
				PRODUCT_NAME = "$(TARGET_NAME)";
				TARGETED_DEVICE_FAMILY = "1,2";
			};
			name = Debug;
		};
		4F4E9C0725F60023005019DF /* Release */ = {
			isa = XCBuildConfiguration;
			baseConfigurationReference = 14FCE47105D2456E5E8411FA /* Pods-HelloLottie.release.xcconfig */;
			buildSettings = {
				ASSETCATALOG_COMPILER_APPICON_NAME = AppIcon;
				ASSETCATALOG_COMPILER_GLOBAL_ACCENT_COLOR_NAME = AccentColor;
				CODE_SIGN_STYLE = Automatic;
				INFOPLIST_FILE = HelloLottie/Info.plist;
				LD_RUNPATH_SEARCH_PATHS = (
					"$(inherited)",
					"@executable_path/Frameworks",
				);
				PRODUCT_BUNDLE_IDENTIFIER = com.wc.HelloLottie;
				PRODUCT_NAME = "$(TARGET_NAME)";
				TARGETED_DEVICE_FAMILY = "1,2";
			};
			name = Release;
		};
/* End XCBuildConfiguration section */

/* Begin XCConfigurationList section */
		4F4E9BE725F60021005019DF /* Build configuration list for PBXProject "HelloLottie" */ = {
			isa = XCConfigurationList;
			buildConfigurations = (
				4F4E9C0325F60023005019DF /* Debug */,
				4F4E9C0425F60023005019DF /* Release */,
			);
			defaultConfigurationIsVisible = 0;
			defaultConfigurationName = Release;
		};
		4F4E9C0525F60023005019DF /* Build configuration list for PBXNativeTarget "HelloLottie" */ = {
			isa = XCConfigurationList;
			buildConfigurations = (
				4F4E9C0625F60023005019DF /* Debug */,
				4F4E9C0725F60023005019DF /* Release */,
			);
			defaultConfigurationIsVisible = 0;
			defaultConfigurationName = Release;
		};
/* End XCConfigurationList section */
	};
	rootObject = 4F4E9BE425F60021005019DF /* Project object */;
}
