// !$*UTF8*$!
{
	archiveVersion = 1;
	classes = {
	};
	objectVersion = 50;
	objects = {

/* Begin PBXBuildFile section */
		4F4AFFDE213E80EB0031856A /* 1.amr in Resources */ = {isa = PBXBuildFile; fileRef = 4F4AFFDC213E80EB0031856A /* 1.amr */; };
		4F4AFFDF213E80EB0031856A /* piano2.wav in Resources */ = {isa = PBXBuildFile; fileRef = 4F4AFFDD213E80EB0031856A /* piano2.wav */; };
		4F75A01F213130EE000DDE60 /* AppDelegate.m in Sources */ = {isa = PBXBuildFile; fileRef = 4F75A01E213130EE000DDE60 /* AppDelegate.m */; };
		4F75A022213130EE000DDE60 /* ViewController.m in Sources */ = {isa = PBXBuildFile; fileRef = 4F75A021213130EE000DDE60 /* ViewController.m */; };
		4F75A025213130EE000DDE60 /* Main.storyboard in Resources */ = {isa = PBXBuildFile; fileRef = 4F75A023213130EE000DDE60 /* Main.storyboard */; };
		4F75A027213130EF000DDE60 /* Assets.xcassets in Resources */ = {isa = PBXBuildFile; fileRef = 4F75A026213130EF000DDE60 /* Assets.xcassets */; };
		4F75A02A213130EF000DDE60 /* LaunchScreen.storyboard in Resources */ = {isa = PBXBuildFile; fileRef = 4F75A028213130EF000DDE60 /* LaunchScreen.storyboard */; };
		4F75A02D213130EF000DDE60 /* main.m in Sources */ = {isa = PBXBuildFile; fileRef = 4F75A02C213130EF000DDE60 /* main.m */; };
		4F75A03821313127000DDE60 /* Demo1ViewController.m in Sources */ = {isa = PBXBuildFile; fileRef = 4F75A03421313126000DDE60 /* Demo1ViewController.m */; };
		4F75A03921313127000DDE60 /* RootViewController.m in Sources */ = {isa = PBXBuildFile; fileRef = 4F75A03621313126000DDE60 /* RootViewController.m */; };
		4F75A04B213144E8000DDE60 /* WCDataTool.m in Sources */ = {isa = PBXBuildFile; fileRef = 4F75A04A213144E8000DDE60 /* WCDataTool.m */; };
		4F793B262174EAF0000067AF /* 26.mkv in Resources */ = {isa = PBXBuildFile; fileRef = 4F793B252174EAF0000067AF /* 26.mkv */; };
		4F793B282174EF21000067AF /* 35.opus in Resources */ = {isa = PBXBuildFile; fileRef = 4F793B272174EF21000067AF /* 35.opus */; };
		4F793B2A2174F08B000067AF /* 51.webm in Resources */ = {isa = PBXBuildFile; fileRef = 4F793B292174F08B000067AF /* 51.webm */; };
		4F793B2C2174F40D000067AF /* 56.xpi in Resources */ = {isa = PBXBuildFile; fileRef = 4F793B2B2174F40D000067AF /* 56.xpi */; };
		4F8BB3E6215201D600F0AD99 /* Tests.m in Sources */ = {isa = PBXBuildFile; fileRef = 4F8BB3E5215201D600F0AD99 /* Tests.m */; };
		4F8BB3F02152022E00F0AD99 /* 1.amr in Resources */ = {isa = PBXBuildFile; fileRef = 4F8BB3EE2152022E00F0AD99 /* 1.amr */; };
		4F8BB418215299CC00F0AD99 /* 50.wav in Resources */ = {isa = PBXBuildFile; fileRef = 4F8BB416215299CB00F0AD99 /* 50.wav */; };
		4F8BB419215299CC00F0AD99 /* 3.avi in Resources */ = {isa = PBXBuildFile; fileRef = 4F8BB417215299CC00F0AD99 /* 3.avi */; };
/* End PBXBuildFile section */

/* Begin PBXContainerItemProxy section */
		4F8BB3E8215201D600F0AD99 /* PBXContainerItemProxy */ = {
			isa = PBXContainerItemProxy;
			containerPortal = 4F75A012213130EE000DDE60 /* Project object */;
			proxyType = 1;
			remoteGlobalIDString = 4F75A019213130EE000DDE60;
			remoteInfo = HelloNSData;
		};
/* End PBXContainerItemProxy section */

/* Begin PBXFileReference section */
		4F4AFFDC213E80EB0031856A /* 1.amr */ = {isa = PBXFileReference; lastKnownFileType = file; path = 1.amr; sourceTree = "<group>"; };
		4F4AFFDD213E80EB0031856A /* piano2.wav */ = {isa = PBXFileReference; lastKnownFileType = audio.wav; path = piano2.wav; sourceTree = "<group>"; };
		4F75A01A213130EE000DDE60 /* HelloNSData.app */ = {isa = PBXFileReference; explicitFileType = wrapper.application; includeInIndex = 0; path = HelloNSData.app; sourceTree = BUILT_PRODUCTS_DIR; };
		4F75A01D213130EE000DDE60 /* AppDelegate.h */ = {isa = PBXFileReference; lastKnownFileType = sourcecode.c.h; path = AppDelegate.h; sourceTree = "<group>"; };
		4F75A01E213130EE000DDE60 /* AppDelegate.m */ = {isa = PBXFileReference; lastKnownFileType = sourcecode.c.objc; path = AppDelegate.m; sourceTree = "<group>"; };
		4F75A020213130EE000DDE60 /* ViewController.h */ = {isa = PBXFileReference; lastKnownFileType = sourcecode.c.h; path = ViewController.h; sourceTree = "<group>"; };
		4F75A021213130EE000DDE60 /* ViewController.m */ = {isa = PBXFileReference; lastKnownFileType = sourcecode.c.objc; path = ViewController.m; sourceTree = "<group>"; };
		4F75A024213130EE000DDE60 /* Base */ = {isa = PBXFileReference; lastKnownFileType = file.storyboard; name = Base; path = Base.lproj/Main.storyboard; sourceTree = "<group>"; };
		4F75A026213130EF000DDE60 /* Assets.xcassets */ = {isa = PBXFileReference; lastKnownFileType = folder.assetcatalog; path = Assets.xcassets; sourceTree = "<group>"; };
		4F75A029213130EF000DDE60 /* Base */ = {isa = PBXFileReference; lastKnownFileType = file.storyboard; name = Base; path = Base.lproj/LaunchScreen.storyboard; sourceTree = "<group>"; };
		4F75A02B213130EF000DDE60 /* Info.plist */ = {isa = PBXFileReference; lastKnownFileType = text.plist.xml; path = Info.plist; sourceTree = "<group>"; };
		4F75A02C213130EF000DDE60 /* main.m */ = {isa = PBXFileReference; lastKnownFileType = sourcecode.c.objc; path = main.m; sourceTree = "<group>"; };
		4F75A03421313126000DDE60 /* Demo1ViewController.m */ = {isa = PBXFileReference; fileEncoding = 4; lastKnownFileType = sourcecode.c.objc; path = Demo1ViewController.m; sourceTree = "<group>"; };
		4F75A03521313126000DDE60 /* Demo1ViewController.h */ = {isa = PBXFileReference; fileEncoding = 4; lastKnownFileType = sourcecode.c.h; path = Demo1ViewController.h; sourceTree = "<group>"; };
		4F75A03621313126000DDE60 /* RootViewController.m */ = {isa = PBXFileReference; fileEncoding = 4; lastKnownFileType = sourcecode.c.objc; path = RootViewController.m; sourceTree = "<group>"; };
		4F75A03721313127000DDE60 /* RootViewController.h */ = {isa = PBXFileReference; fileEncoding = 4; lastKnownFileType = sourcecode.c.h; path = RootViewController.h; sourceTree = "<group>"; };
		4F75A049213144E8000DDE60 /* WCDataTool.h */ = {isa = PBXFileReference; lastKnownFileType = sourcecode.c.h; path = WCDataTool.h; sourceTree = "<group>"; };
		4F75A04A213144E8000DDE60 /* WCDataTool.m */ = {isa = PBXFileReference; lastKnownFileType = sourcecode.c.objc; path = WCDataTool.m; sourceTree = "<group>"; };
		4F793B252174EAF0000067AF /* 26.mkv */ = {isa = PBXFileReference; lastKnownFileType = file; path = 26.mkv; sourceTree = "<group>"; };
		4F793B272174EF21000067AF /* 35.opus */ = {isa = PBXFileReference; lastKnownFileType = file; path = 35.opus; sourceTree = "<group>"; };
		4F793B292174F08B000067AF /* 51.webm */ = {isa = PBXFileReference; lastKnownFileType = file; path = 51.webm; sourceTree = "<group>"; };
		4F793B2B2174F40D000067AF /* 56.xpi */ = {isa = PBXFileReference; lastKnownFileType = file; path = 56.xpi; sourceTree = "<group>"; };
		4F8BB3E3215201D600F0AD99 /* Tests.xctest */ = {isa = PBXFileReference; explicitFileType = wrapper.cfbundle; includeInIndex = 0; path = Tests.xctest; sourceTree = BUILT_PRODUCTS_DIR; };
		4F8BB3E5215201D600F0AD99 /* Tests.m */ = {isa = PBXFileReference; lastKnownFileType = sourcecode.c.objc; path = Tests.m; sourceTree = "<group>"; };
		4F8BB3E7215201D600F0AD99 /* Info.plist */ = {isa = PBXFileReference; lastKnownFileType = text.plist.xml; path = Info.plist; sourceTree = "<group>"; };
		4F8BB3EE2152022E00F0AD99 /* 1.amr */ = {isa = PBXFileReference; lastKnownFileType = file; path = 1.amr; sourceTree = "<group>"; };
		4F8BB416215299CB00F0AD99 /* 50.wav */ = {isa = PBXFileReference; lastKnownFileType = audio.wav; path = 50.wav; sourceTree = "<group>"; };
		4F8BB417215299CC00F0AD99 /* 3.avi */ = {isa = PBXFileReference; lastKnownFileType = video.avi; path = 3.avi; sourceTree = "<group>"; };
/* End PBXFileReference section */

/* Begin PBXFrameworksBuildPhase section */
		4F75A017213130EE000DDE60 /* Frameworks */ = {
			isa = PBXFrameworksBuildPhase;
			buildActionMask = 2147483647;
			files = (
			);
			runOnlyForDeploymentPostprocessing = 0;
		};
		4F8BB3E0215201D600F0AD99 /* Frameworks */ = {
			isa = PBXFrameworksBuildPhase;
			buildActionMask = 2147483647;
			files = (
			);
			runOnlyForDeploymentPostprocessing = 0;
		};
/* End PBXFrameworksBuildPhase section */

/* Begin PBXGroup section */
		4F4AFFD9213E6DA30031856A /* Resources */ = {
			isa = PBXGroup;
			children = (
				4F4AFFDC213E80EB0031856A /* 1.amr */,
				4F4AFFDD213E80EB0031856A /* piano2.wav */,
			);
			path = Resources;
			sourceTree = "<group>";
		};
		4F75A011213130EE000DDE60 = {
			isa = PBXGroup;
			children = (
				4F75A048213144D8000DDE60 /* WCDataTool */,
				4F75A01C213130EE000DDE60 /* HelloNSData */,
				4F8BB3E4215201D600F0AD99 /* Tests */,
				4F75A01B213130EE000DDE60 /* Products */,
			);
			sourceTree = "<group>";
		};
		4F75A01B213130EE000DDE60 /* Products */ = {
			isa = PBXGroup;
			children = (
				4F75A01A213130EE000DDE60 /* HelloNSData.app */,
				4F8BB3E3215201D600F0AD99 /* Tests.xctest */,
			);
			name = Products;
			sourceTree = "<group>";
		};
		4F75A01C213130EE000DDE60 /* HelloNSData */ = {
			isa = PBXGroup;
			children = (
				4F75A03321313126000DDE60 /* AppTestDemos */,
				4F75A03721313127000DDE60 /* RootViewController.h */,
				4F75A03621313126000DDE60 /* RootViewController.m */,
				4F75A01D213130EE000DDE60 /* AppDelegate.h */,
				4F75A01E213130EE000DDE60 /* AppDelegate.m */,
				4F75A020213130EE000DDE60 /* ViewController.h */,
				4F75A021213130EE000DDE60 /* ViewController.m */,
				4F75A023213130EE000DDE60 /* Main.storyboard */,
				4F4AFFD9213E6DA30031856A /* Resources */,
				4F75A026213130EF000DDE60 /* Assets.xcassets */,
				4F75A028213130EF000DDE60 /* LaunchScreen.storyboard */,
				4F75A02B213130EF000DDE60 /* Info.plist */,
				4F75A02C213130EF000DDE60 /* main.m */,
			);
			path = HelloNSData;
			sourceTree = "<group>";
		};
		4F75A03321313126000DDE60 /* AppTestDemos */ = {
			isa = PBXGroup;
			children = (
				4F75A03521313126000DDE60 /* Demo1ViewController.h */,
				4F75A03421313126000DDE60 /* Demo1ViewController.m */,
			);
			path = AppTestDemos;
			sourceTree = "<group>";
		};
		4F75A048213144D8000DDE60 /* WCDataTool */ = {
			isa = PBXGroup;
			children = (
				4F75A049213144E8000DDE60 /* WCDataTool.h */,
				4F75A04A213144E8000DDE60 /* WCDataTool.m */,
			);
			path = WCDataTool;
			sourceTree = "<group>";
		};
		4F8BB3E4215201D600F0AD99 /* Tests */ = {
			isa = PBXGroup;
			children = (
				4F8BB3ED2152022E00F0AD99 /* Samples */,
				4F8BB3E5215201D600F0AD99 /* Tests.m */,
				4F8BB3E7215201D600F0AD99 /* Info.plist */,
			);
			path = Tests;
			sourceTree = "<group>";
		};
		4F8BB3ED2152022E00F0AD99 /* Samples */ = {
			isa = PBXGroup;
			children = (
				4F8BB3EE2152022E00F0AD99 /* 1.amr */,
				4F8BB417215299CC00F0AD99 /* 3.avi */,
				4F793B252174EAF0000067AF /* 26.mkv */,
				4F793B272174EF21000067AF /* 35.opus */,
				4F8BB416215299CB00F0AD99 /* 50.wav */,
				4F793B292174F08B000067AF /* 51.webm */,
				4F793B2B2174F40D000067AF /* 56.xpi */,
			);
			path = Samples;
			sourceTree = "<group>";
		};
/* End PBXGroup section */

/* Begin PBXNativeTarget section */
		4F75A019213130EE000DDE60 /* HelloNSData */ = {
			isa = PBXNativeTarget;
			buildConfigurationList = 4F75A030213130EF000DDE60 /* Build configuration list for PBXNativeTarget "HelloNSData" */;
			buildPhases = (
				4F75A016213130EE000DDE60 /* Sources */,
				4F75A017213130EE000DDE60 /* Frameworks */,
				4F75A018213130EE000DDE60 /* Resources */,
			);
			buildRules = (
			);
			dependencies = (
			);
			name = HelloNSData;
			productName = HelloNSData;
			productReference = 4F75A01A213130EE000DDE60 /* HelloNSData.app */;
			productType = "com.apple.product-type.application";
		};
		4F8BB3E2215201D600F0AD99 /* Tests */ = {
			isa = PBXNativeTarget;
			buildConfigurationList = 4F8BB3EC215201D600F0AD99 /* Build configuration list for PBXNativeTarget "Tests" */;
			buildPhases = (
				4F8BB3DF215201D600F0AD99 /* Sources */,
				4F8BB3E0215201D600F0AD99 /* Frameworks */,
				4F8BB3E1215201D600F0AD99 /* Resources */,
			);
			buildRules = (
			);
			dependencies = (
				4F8BB3E9215201D600F0AD99 /* PBXTargetDependency */,
			);
			name = Tests;
			productName = Tests;
			productReference = 4F8BB3E3215201D600F0AD99 /* Tests.xctest */;
			productType = "com.apple.product-type.bundle.unit-test";
		};
/* End PBXNativeTarget section */

/* Begin PBXProject section */
		4F75A012213130EE000DDE60 /* Project object */ = {
			isa = PBXProject;
			attributes = {
				LastUpgradeCheck = 0940;
				ORGANIZATIONNAME = wesley_chen;
				TargetAttributes = {
					4F75A019213130EE000DDE60 = {
						CreatedOnToolsVersion = 9.4;
					};
					4F8BB3E2215201D600F0AD99 = {
						CreatedOnToolsVersion = 9.4.1;
						TestTargetID = 4F75A019213130EE000DDE60;
					};
				};
			};
			buildConfigurationList = 4F75A015213130EE000DDE60 /* Build configuration list for PBXProject "HelloNSData" */;
			compatibilityVersion = "Xcode 9.3";
			developmentRegion = en;
			hasScannedForEncodings = 0;
			knownRegions = (
				en,
				Base,
			);
			mainGroup = 4F75A011213130EE000DDE60;
			productRefGroup = 4F75A01B213130EE000DDE60 /* Products */;
			projectDirPath = "";
			projectRoot = "";
			targets = (
				4F75A019213130EE000DDE60 /* HelloNSData */,
				4F8BB3E2215201D600F0AD99 /* Tests */,
			);
		};
/* End PBXProject section */

/* Begin PBXResourcesBuildPhase section */
		4F75A018213130EE000DDE60 /* Resources */ = {
			isa = PBXResourcesBuildPhase;
			buildActionMask = 2147483647;
			files = (
				4F4AFFDE213E80EB0031856A /* 1.amr in Resources */,
				4F75A02A213130EF000DDE60 /* LaunchScreen.storyboard in Resources */,
				4F4AFFDF213E80EB0031856A /* piano2.wav in Resources */,
				4F75A027213130EF000DDE60 /* Assets.xcassets in Resources */,
				4F75A025213130EE000DDE60 /* Main.storyboard in Resources */,
			);
			runOnlyForDeploymentPostprocessing = 0;
		};
		4F8BB3E1215201D600F0AD99 /* Resources */ = {
			isa = PBXResourcesBuildPhase;
			buildActionMask = 2147483647;
			files = (
				4F793B2A2174F08B000067AF /* 51.webm in Resources */,
				4F8BB3F02152022E00F0AD99 /* 1.amr in Resources */,
				4F8BB418215299CC00F0AD99 /* 50.wav in Resources */,
				4F793B262174EAF0000067AF /* 26.mkv in Resources */,
				4F793B2C2174F40D000067AF /* 56.xpi in Resources */,
				4F8BB419215299CC00F0AD99 /* 3.avi in Resources */,
				4F793B282174EF21000067AF /* 35.opus in Resources */,
			);
			runOnlyForDeploymentPostprocessing = 0;
		};
/* End PBXResourcesBuildPhase section */

/* Begin PBXSourcesBuildPhase section */
		4F75A016213130EE000DDE60 /* Sources */ = {
			isa = PBXSourcesBuildPhase;
			buildActionMask = 2147483647;
			files = (
				4F75A022213130EE000DDE60 /* ViewController.m in Sources */,
				4F75A03821313127000DDE60 /* Demo1ViewController.m in Sources */,
				4F75A02D213130EF000DDE60 /* main.m in Sources */,
				4F75A01F213130EE000DDE60 /* AppDelegate.m in Sources */,
				4F75A03921313127000DDE60 /* RootViewController.m in Sources */,
				4F75A04B213144E8000DDE60 /* WCDataTool.m in Sources */,
			);
			runOnlyForDeploymentPostprocessing = 0;
		};
		4F8BB3DF215201D600F0AD99 /* Sources */ = {
			isa = PBXSourcesBuildPhase;
			buildActionMask = 2147483647;
			files = (
				4F8BB3E6215201D600F0AD99 /* Tests.m in Sources */,
			);
			runOnlyForDeploymentPostprocessing = 0;
		};
/* End PBXSourcesBuildPhase section */

/* Begin PBXTargetDependency section */
		4F8BB3E9215201D600F0AD99 /* PBXTargetDependency */ = {
			isa = PBXTargetDependency;
			target = 4F75A019213130EE000DDE60 /* HelloNSData */;
			targetProxy = 4F8BB3E8215201D600F0AD99 /* PBXContainerItemProxy */;
		};
/* End PBXTargetDependency section */

/* Begin PBXVariantGroup section */
		4F75A023213130EE000DDE60 /* Main.storyboard */ = {
			isa = PBXVariantGroup;
			children = (
				4F75A024213130EE000DDE60 /* Base */,
			);
			name = Main.storyboard;
			sourceTree = "<group>";
		};
		4F75A028213130EF000DDE60 /* LaunchScreen.storyboard */ = {
			isa = PBXVariantGroup;
			children = (
				4F75A029213130EF000DDE60 /* Base */,
			);
			name = LaunchScreen.storyboard;
			sourceTree = "<group>";
		};
/* End PBXVariantGroup section */

/* Begin XCBuildConfiguration section */
		4F75A02E213130EF000DDE60 /* Debug */ = {
			isa = XCBuildConfiguration;
			buildSettings = {
				ALWAYS_SEARCH_USER_PATHS = NO;
				CLANG_ANALYZER_NONNULL = YES;
				CLANG_ANALYZER_NUMBER_OBJECT_CONVERSION = YES_AGGRESSIVE;
				CLANG_CXX_LANGUAGE_STANDARD = "gnu++14";
				CLANG_CXX_LIBRARY = "libc++";
				CLANG_ENABLE_MODULES = YES;
				CLANG_ENABLE_OBJC_ARC = YES;
				CLANG_ENABLE_OBJC_WEAK = YES;
				CLANG_WARN_BLOCK_CAPTURE_AUTORELEASING = YES;
				CLANG_WARN_BOOL_CONVERSION = YES;
				CLANG_WARN_COMMA = YES;
				CLANG_WARN_CONSTANT_CONVERSION = YES;
				CLANG_WARN_DEPRECATED_OBJC_IMPLEMENTATIONS = YES;
				CLANG_WARN_DIRECT_OBJC_ISA_USAGE = YES_ERROR;
				CLANG_WARN_DOCUMENTATION_COMMENTS = YES;
				CLANG_WARN_EMPTY_BODY = YES;
				CLANG_WARN_ENUM_CONVERSION = YES;
				CLANG_WARN_INFINITE_RECURSION = YES;
				CLANG_WARN_INT_CONVERSION = YES;
				CLANG_WARN_NON_LITERAL_NULL_CONVERSION = YES;
				CLANG_WARN_OBJC_IMPLICIT_RETAIN_SELF = YES;
				CLANG_WARN_OBJC_LITERAL_CONVERSION = YES;
				CLANG_WARN_OBJC_ROOT_CLASS = YES_ERROR;
				CLANG_WARN_RANGE_LOOP_ANALYSIS = YES;
				CLANG_WARN_STRICT_PROTOTYPES = YES;
				CLANG_WARN_SUSPICIOUS_MOVE = YES;
				CLANG_WARN_UNGUARDED_AVAILABILITY = YES_AGGRESSIVE;
				CLANG_WARN_UNREACHABLE_CODE = YES;
				CLANG_WARN__DUPLICATE_METHOD_MATCH = YES;
				CODE_SIGN_IDENTITY = "iPhone Developer";
				COPY_PHASE_STRIP = NO;
				DEBUG_INFORMATION_FORMAT = dwarf;
				ENABLE_STRICT_OBJC_MSGSEND = YES;
				ENABLE_TESTABILITY = YES;
				GCC_C_LANGUAGE_STANDARD = gnu11;
				GCC_DYNAMIC_NO_PIC = NO;
				GCC_NO_COMMON_BLOCKS = YES;
				GCC_OPTIMIZATION_LEVEL = 0;
				GCC_PREPROCESSOR_DEFINITIONS = (
					"DEBUG=1",
					"$(inherited)",
				);
				GCC_WARN_64_TO_32_BIT_CONVERSION = YES;
				GCC_WARN_ABOUT_RETURN_TYPE = YES_ERROR;
				GCC_WARN_UNDECLARED_SELECTOR = YES;
				GCC_WARN_UNINITIALIZED_AUTOS = YES_AGGRESSIVE;
				GCC_WARN_UNUSED_FUNCTION = YES;
				GCC_WARN_UNUSED_VARIABLE = YES;
				IPHONEOS_DEPLOYMENT_TARGET = 11.4;
				MTL_ENABLE_DEBUG_INFO = YES;
				ONLY_ACTIVE_ARCH = YES;
				SDKROOT = iphoneos;
			};
			name = Debug;
		};
		4F75A02F213130EF000DDE60 /* Release */ = {
			isa = XCBuildConfiguration;
			buildSettings = {
				ALWAYS_SEARCH_USER_PATHS = NO;
				CLANG_ANALYZER_NONNULL = YES;
				CLANG_ANALYZER_NUMBER_OBJECT_CONVERSION = YES_AGGRESSIVE;
				CLANG_CXX_LANGUAGE_STANDARD = "gnu++14";
				CLANG_CXX_LIBRARY = "libc++";
				CLANG_ENABLE_MODULES = YES;
				CLANG_ENABLE_OBJC_ARC = YES;
				CLANG_ENABLE_OBJC_WEAK = YES;
				CLANG_WARN_BLOCK_CAPTURE_AUTORELEASING = YES;
				CLANG_WARN_BOOL_CONVERSION = YES;
				CLANG_WARN_COMMA = YES;
				CLANG_WARN_CONSTANT_CONVERSION = YES;
				CLANG_WARN_DEPRECATED_OBJC_IMPLEMENTATIONS = YES;
				CLANG_WARN_DIRECT_OBJC_ISA_USAGE = YES_ERROR;
				CLANG_WARN_DOCUMENTATION_COMMENTS = YES;
				CLANG_WARN_EMPTY_BODY = YES;
				CLANG_WARN_ENUM_CONVERSION = YES;
				CLANG_WARN_INFINITE_RECURSION = YES;
				CLANG_WARN_INT_CONVERSION = YES;
				CLANG_WARN_NON_LITERAL_NULL_CONVERSION = YES;
				CLANG_WARN_OBJC_IMPLICIT_RETAIN_SELF = YES;
				CLANG_WARN_OBJC_LITERAL_CONVERSION = YES;
				CLANG_WARN_OBJC_ROOT_CLASS = YES_ERROR;
				CLANG_WARN_RANGE_LOOP_ANALYSIS = YES;
				CLANG_WARN_STRICT_PROTOTYPES = YES;
				CLANG_WARN_SUSPICIOUS_MOVE = YES;
				CLANG_WARN_UNGUARDED_AVAILABILITY = YES_AGGRESSIVE;
				CLANG_WARN_UNREACHABLE_CODE = YES;
				CLANG_WARN__DUPLICATE_METHOD_MATCH = YES;
				CODE_SIGN_IDENTITY = "iPhone Developer";
				COPY_PHASE_STRIP = NO;
				DEBUG_INFORMATION_FORMAT = "dwarf-with-dsym";
				ENABLE_NS_ASSERTIONS = NO;
				ENABLE_STRICT_OBJC_MSGSEND = YES;
				GCC_C_LANGUAGE_STANDARD = gnu11;
				GCC_NO_COMMON_BLOCKS = YES;
				GCC_WARN_64_TO_32_BIT_CONVERSION = YES;
				GCC_WARN_ABOUT_RETURN_TYPE = YES_ERROR;
				GCC_WARN_UNDECLARED_SELECTOR = YES;
				GCC_WARN_UNINITIALIZED_AUTOS = YES_AGGRESSIVE;
				GCC_WARN_UNUSED_FUNCTION = YES;
				GCC_WARN_UNUSED_VARIABLE = YES;
				IPHONEOS_DEPLOYMENT_TARGET = 11.4;
				MTL_ENABLE_DEBUG_INFO = NO;
				SDKROOT = iphoneos;
				VALIDATE_PRODUCT = YES;
			};
			name = Release;
		};
		4F75A031213130EF000DDE60 /* Debug */ = {
			isa = XCBuildConfiguration;
			buildSettings = {
				ASSETCATALOG_COMPILER_APPICON_NAME = AppIcon;
				CODE_SIGN_STYLE = Automatic;
				INFOPLIST_FILE = HelloNSData/Info.plist;
				LD_RUNPATH_SEARCH_PATHS = (
					"$(inherited)",
					"@executable_path/Frameworks",
				);
				PRODUCT_BUNDLE_IDENTIFIER = com.wc.HelloNSData;
				PRODUCT_NAME = "$(TARGET_NAME)";
				TARGETED_DEVICE_FAMILY = "1,2";
			};
			name = Debug;
		};
		4F75A032213130EF000DDE60 /* Release */ = {
			isa = XCBuildConfiguration;
			buildSettings = {
				ASSETCATALOG_COMPILER_APPICON_NAME = AppIcon;
				CODE_SIGN_STYLE = Automatic;
				INFOPLIST_FILE = HelloNSData/Info.plist;
				LD_RUNPATH_SEARCH_PATHS = (
					"$(inherited)",
					"@executable_path/Frameworks",
				);
				PRODUCT_BUNDLE_IDENTIFIER = com.wc.HelloNSData;
				PRODUCT_NAME = "$(TARGET_NAME)";
				TARGETED_DEVICE_FAMILY = "1,2";
			};
			name = Release;
		};
		4F8BB3EA215201D600F0AD99 /* Debug */ = {
			isa = XCBuildConfiguration;
			buildSettings = {
				BUNDLE_LOADER = "$(TEST_HOST)";
				CODE_SIGN_STYLE = Automatic;
				INFOPLIST_FILE = Tests/Info.plist;
				LD_RUNPATH_SEARCH_PATHS = (
					"$(inherited)",
					"@executable_path/Frameworks",
					"@loader_path/Frameworks",
				);
				PRODUCT_BUNDLE_IDENTIFIER = com.wc.Tests;
				PRODUCT_NAME = "$(TARGET_NAME)";
				TARGETED_DEVICE_FAMILY = "1,2";
				TEST_HOST = "$(BUILT_PRODUCTS_DIR)/HelloNSData.app/HelloNSData";
			};
			name = Debug;
		};
		4F8BB3EB215201D600F0AD99 /* Release */ = {
			isa = XCBuildConfiguration;
			buildSettings = {
				BUNDLE_LOADER = "$(TEST_HOST)";
				CODE_SIGN_STYLE = Automatic;
				INFOPLIST_FILE = Tests/Info.plist;
				LD_RUNPATH_SEARCH_PATHS = (
					"$(inherited)",
					"@executable_path/Frameworks",
					"@loader_path/Frameworks",
				);
				PRODUCT_BUNDLE_IDENTIFIER = com.wc.Tests;
				PRODUCT_NAME = "$(TARGET_NAME)";
				TARGETED_DEVICE_FAMILY = "1,2";
				TEST_HOST = "$(BUILT_PRODUCTS_DIR)/HelloNSData.app/HelloNSData";
			};
			name = Release;
		};
/* End XCBuildConfiguration section */

/* Begin XCConfigurationList section */
		4F75A015213130EE000DDE60 /* Build configuration list for PBXProject "HelloNSData" */ = {
			isa = XCConfigurationList;
			buildConfigurations = (
				4F75A02E213130EF000DDE60 /* Debug */,
				4F75A02F213130EF000DDE60 /* Release */,
			);
			defaultConfigurationIsVisible = 0;
			defaultConfigurationName = Release;
		};
		4F75A030213130EF000DDE60 /* Build configuration list for PBXNativeTarget "HelloNSData" */ = {
			isa = XCConfigurationList;
			buildConfigurations = (
				4F75A031213130EF000DDE60 /* Debug */,
				4F75A032213130EF000DDE60 /* Release */,
			);
			defaultConfigurationIsVisible = 0;
			defaultConfigurationName = Release;
		};
		4F8BB3EC215201D600F0AD99 /* Build configuration list for PBXNativeTarget "Tests" */ = {
			isa = XCConfigurationList;
			buildConfigurations = (
				4F8BB3EA215201D600F0AD99 /* Debug */,
				4F8BB3EB215201D600F0AD99 /* Release */,
			);
			defaultConfigurationIsVisible = 0;
			defaultConfigurationName = Release;
		};
/* End XCConfigurationList section */
	};
	rootObject = 4F75A012213130EE000DDE60 /* Project object */;
}
