PODS:
  - PodspecScriptPhases (0.1.0)

DEPENDENCIES:
  - PodspecScriptPhases (from `../`)

EXTERNAL SOURCES:
  PodspecScriptPhases:
    :path: "../"

SPEC CHECKSUMS:
  PodspecScriptPhases: fe56489e06ae9c9504ae1f90b56fd34ef6cc8904

PODFILE CHECKSUM: 1c3739bf1d73595e41533c898cfcbc6d1fb4a77a

COCOAPODS: 1.5.0
